// !$*UTF8*$!
{
	archiveVersion = 1;
	classes = {
	};
	objectVersion = 50;
	objects = {

/* Begin PBXBuildFile section */
		28FF1359B0B9D7D123718DE3 /* libPods-ReactiveCocoa.a in Frameworks */ = {isa = PBXBuildFile; fileRef = D1D6ADD31E470B7E441E2730 /* libPods-ReactiveCocoa.a */; };
		82C80A4921FD5F610034806A /* AppDelegate.m in Sources */ = {isa = PBXBuildFile; fileRef = 82C80A4821FD5F610034806A /* AppDelegate.m */; };
		82C80A4C21FD5F610034806A /* ViewController.m in Sources */ = {isa = PBXBuildFile; fileRef = 82C80A4B21FD5F610034806A /* ViewController.m */; };
		82C80A4F21FD5F610034806A /* Main.storyboard in Resources */ = {isa = PBXBuildFile; fileRef = 82C80A4D21FD5F610034806A /* Main.storyboard */; };
		82C80A5121FD5F630034806A /* Assets.xcassets in Resources */ = {isa = PBXBuildFile; fileRef = 82C80A5021FD5F630034806A /* Assets.xcassets */; };
		82C80A5421FD5F630034806A /* LaunchScreen.storyboard in Resources */ = {isa = PBXBuildFile; fileRef = 82C80A5221FD5F630034806A /* LaunchScreen.storyboard */; };
		82C80A5721FD5F630034806A /* main.m in Sources */ = {isa = PBXBuildFile; fileRef = 82C80A5621FD5F630034806A /* main.m */; };
		82C80A6121FD5F630034806A /* ReactiveCocoaTests.m in Sources */ = {isa = PBXBuildFile; fileRef = 82C80A6021FD5F630034806A /* ReactiveCocoaTests.m */; };
		82C80A6C21FD5F630034806A /* ReactiveCocoaUITests.m in Sources */ = {isa = PBXBuildFile; fileRef = 82C80A6B21FD5F630034806A /* ReactiveCocoaUITests.m */; };
		82C80A7B21FD80090034806A /* Person.m in Sources */ = {isa = PBXBuildFile; fileRef = 82C80A7A21FD80090034806A /* Person.m */; };
		82C80A7E21FD84090034806A /* PersonManager.m in Sources */ = {isa = PBXBuildFile; fileRef = 82C80A7D21FD84090034806A /* PersonManager.m */; };
/* End PBXBuildFile section */

/* Begin PBXContainerItemProxy section */
		82C80A5D21FD5F630034806A /* PBXContainerItemProxy */ = {
			isa = PBXContainerItemProxy;
			containerPortal = 82C80A3C21FD5F610034806A /* Project object */;
			proxyType = 1;
			remoteGlobalIDString = 82C80A4321FD5F610034806A;
			remoteInfo = ReactiveCocoa;
		};
		82C80A6821FD5F630034806A /* PBXContainerItemProxy */ = {
			isa = PBXContainerItemProxy;
			containerPortal = 82C80A3C21FD5F610034806A /* Project object */;
			proxyType = 1;
			remoteGlobalIDString = 82C80A4321FD5F610034806A;
			remoteInfo = ReactiveCocoa;
		};
/* End PBXContainerItemProxy section */

/* Begin PBXFileReference section */
		82C80A4421FD5F610034806A /* ReactiveCocoa.app */ = {isa = PBXFileReference; explicitFileType = wrapper.application; includeInIndex = 0; path = ReactiveCocoa.app; sourceTree = BUILT_PRODUCTS_DIR; };
		82C80A4721FD5F610034806A /* AppDelegate.h */ = {isa = PBXFileReference; lastKnownFileType = sourcecode.c.h; path = AppDelegate.h; sourceTree = "<group>"; };
		82C80A4821FD5F610034806A /* AppDelegate.m */ = {isa = PBXFileReference; lastKnownFileType = sourcecode.c.objc; path = AppDelegate.m; sourceTree = "<group>"; };
		82C80A4A21FD5F610034806A /* ViewController.h */ = {isa = PBXFileReference; lastKnownFileType = sourcecode.c.h; path = ViewController.h; sourceTree = "<group>"; };
		82C80A4B21FD5F610034806A /* ViewController.m */ = {isa = PBXFileReference; lastKnownFileType = sourcecode.c.objc; path = ViewController.m; sourceTree = "<group>"; };
		82C80A4E21FD5F610034806A /* Base */ = {isa = PBXFileReference; lastKnownFileType = file.storyboard; name = Base; path = Base.lproj/Main.storyboard; sourceTree = "<group>"; };
		82C80A5021FD5F630034806A /* Assets.xcassets */ = {isa = PBXFileReference; lastKnownFileType = folder.assetcatalog; path = Assets.xcassets; sourceTree = "<group>"; };
		82C80A5321FD5F630034806A /* Base */ = {isa = PBXFileReference; lastKnownFileType = file.storyboard; name = Base; path = Base.lproj/LaunchScreen.storyboard; sourceTree = "<group>"; };
		82C80A5521FD5F630034806A /* Info.plist */ = {isa = PBXFileReference; lastKnownFileType = text.plist.xml; path = Info.plist; sourceTree = "<group>"; };
		82C80A5621FD5F630034806A /* main.m */ = {isa = PBXFileReference; lastKnownFileType = sourcecode.c.objc; path = main.m; sourceTree = "<group>"; };
		82C80A5C21FD5F630034806A /* ReactiveCocoaTests.xctest */ = {isa = PBXFileReference; explicitFileType = wrapper.cfbundle; includeInIndex = 0; path = ReactiveCocoaTests.xctest; sourceTree = BUILT_PRODUCTS_DIR; };
		82C80A6021FD5F630034806A /* ReactiveCocoaTests.m */ = {isa = PBXFileReference; lastKnownFileType = sourcecode.c.objc; path = ReactiveCocoaTests.m; sourceTree = "<group>"; };
		82C80A6221FD5F630034806A /* Info.plist */ = {isa = PBXFileReference; lastKnownFileType = text.plist.xml; path = Info.plist; sourceTree = "<group>"; };
		82C80A6721FD5F630034806A /* ReactiveCocoaUITests.xctest */ = {isa = PBXFileReference; explicitFileType = wrapper.cfbundle; includeInIndex = 0; path = ReactiveCocoaUITests.xctest; sourceTree = BUILT_PRODUCTS_DIR; };
		82C80A6B21FD5F630034806A /* ReactiveCocoaUITests.m */ = {isa = PBXFileReference; lastKnownFileType = sourcecode.c.objc; path = ReactiveCocoaUITests.m; sourceTree = "<group>"; };
		82C80A6D21FD5F630034806A /* Info.plist */ = {isa = PBXFileReference; lastKnownFileType = text.plist.xml; path = Info.plist; sourceTree = "<group>"; };
		82C80A7921FD80090034806A /* Person.h */ = {isa = PBXFileReference; lastKnownFileType = sourcecode.c.h; path = Person.h; sourceTree = "<group>"; };
		82C80A7A21FD80090034806A /* Person.m */ = {isa = PBXFileReference; lastKnownFileType = sourcecode.c.objc; path = Person.m; sourceTree = "<group>"; };
		82C80A7C21FD84090034806A /* PersonManager.h */ = {isa = PBXFileReference; lastKnownFileType = sourcecode.c.h; path = PersonManager.h; sourceTree = "<group>"; };
		82C80A7D21FD84090034806A /* PersonManager.m */ = {isa = PBXFileReference; lastKnownFileType = sourcecode.c.objc; path = PersonManager.m; sourceTree = "<group>"; };
		CD53AC02E66149C02FFF087D /* Pods-ReactiveCocoa.release.xcconfig */ = {isa = PBXFileReference; includeInIndex = 1; lastKnownFileType = text.xcconfig; name = "Pods-ReactiveCocoa.release.xcconfig"; path = "Pods/Target Support Files/Pods-ReactiveCocoa/Pods-ReactiveCocoa.release.xcconfig"; sourceTree = "<group>"; };
		D1D6ADD31E470B7E441E2730 /* libPods-ReactiveCocoa.a */ = {isa = PBXFileReference; explicitFileType = archive.ar; includeInIndex = 0; path = "libPods-ReactiveCocoa.a"; sourceTree = BUILT_PRODUCTS_DIR; };
		E17E99AC661B2041819A94DA /* Pods-ReactiveCocoa.debug.xcconfig */ = {isa = PBXFileReference; includeInIndex = 1; lastKnownFileType = text.xcconfig; name = "Pods-ReactiveCocoa.debug.xcconfig"; path = "Pods/Target Support Files/Pods-ReactiveCocoa/Pods-ReactiveCocoa.debug.xcconfig"; sourceTree = "<group>"; };
/* End PBXFileReference section */

/* Begin PBXFrameworksBuildPhase section */
		82C80A4121FD5F610034806A /* Frameworks */ = {
			isa = PBXFrameworksBuildPhase;
			buildActionMask = 2147483647;
			files = (
				28FF1359B0B9D7D123718DE3 /* libPods-ReactiveCocoa.a in Frameworks */,
			);
			runOnlyForDeploymentPostprocessing = 0;
		};
		82C80A5921FD5F630034806A /* Frameworks */ = {
			isa = PBXFrameworksBuildPhase;
			buildActionMask = 2147483647;
			files = (
			);
			runOnlyForDeploymentPostprocessing = 0;
		};
		82C80A6421FD5F630034806A /* Frameworks */ = {
			isa = PBXFrameworksBuildPhase;
			buildActionMask = 2147483647;
			files = (
			);
			runOnlyForDeploymentPostprocessing = 0;
		};
/* End PBXFrameworksBuildPhase section */

/* Begin PBXGroup section */
		82C80A3B21FD5F610034806A = {
			isa = PBXGroup;
			children = (
				82C80A4621FD5F610034806A /* ReactiveCocoa */,
				82C80A5F21FD5F630034806A /* ReactiveCocoaTests */,
				82C80A6A21FD5F630034806A /* ReactiveCocoaUITests */,
				82C80A4521FD5F610034806A /* Products */,
				AD9DB8D377411FF34B5EA497 /* Pods */,
				D0528B141C6BCBB23E069262 /* Frameworks */,
			);
			sourceTree = "<group>";
		};
		82C80A4521FD5F610034806A /* Products */ = {
			isa = PBXGroup;
			children = (
				82C80A4421FD5F610034806A /* ReactiveCocoa.app */,
				82C80A5C21FD5F630034806A /* ReactiveCocoaTests.xctest */,
				82C80A6721FD5F630034806A /* ReactiveCocoaUITests.xctest */,
			);
			name = Products;
			sourceTree = "<group>";
		};
		82C80A4621FD5F610034806A /* ReactiveCocoa */ = {
			isa = PBXGroup;
			children = (
				82C80A4721FD5F610034806A /* AppDelegate.h */,
				82C80A4821FD5F610034806A /* AppDelegate.m */,
				82C80A4A21FD5F610034806A /* ViewController.h */,
				82C80A4B21FD5F610034806A /* ViewController.m */,
				82C80A7C21FD84090034806A /* PersonManager.h */,
				82C80A7D21FD84090034806A /* PersonManager.m */,
				82C80A7921FD80090034806A /* Person.h */,
				82C80A7A21FD80090034806A /* Person.m */,
				82C80A4D21FD5F610034806A /* Main.storyboard */,
				82C80A5021FD5F630034806A /* Assets.xcassets */,
				82C80A5221FD5F630034806A /* LaunchScreen.storyboard */,
				82C80A5521FD5F630034806A /* Info.plist */,
				82C80A5621FD5F630034806A /* main.m */,
			);
			path = ReactiveCocoa;
			sourceTree = "<group>";
		};
		82C80A5F21FD5F630034806A /* ReactiveCocoaTests */ = {
			isa = PBXGroup;
			children = (
				82C80A6021FD5F630034806A /* ReactiveCocoaTests.m */,
				82C80A6221FD5F630034806A /* Info.plist */,
			);
			path = ReactiveCocoaTests;
			sourceTree = "<group>";
		};
		82C80A6A21FD5F630034806A /* ReactiveCocoaUITests */ = {
			isa = PBXGroup;
			children = (
				82C80A6B21FD5F630034806A /* ReactiveCocoaUITests.m */,
				82C80A6D21FD5F630034806A /* Info.plist */,
			);
			path = ReactiveCocoaUITests;
			sourceTree = "<group>";
		};
		AD9DB8D377411FF34B5EA497 /* Pods */ = {
			isa = PBXGroup;
			children = (
				E17E99AC661B2041819A94DA /* Pods-ReactiveCocoa.debug.xcconfig */,
				CD53AC02E66149C02FFF087D /* Pods-ReactiveCocoa.release.xcconfig */,
			);
			name = Pods;
			sourceTree = "<group>";
		};
		D0528B141C6BCBB23E069262 /* Frameworks */ = {
			isa = PBXGroup;
			children = (
				D1D6ADD31E470B7E441E2730 /* libPods-ReactiveCocoa.a */,
			);
			name = Frameworks;
			sourceTree = "<group>";
		};
/* End PBXGroup section */

/* Begin PBXNativeTarget section */
		82C80A4321FD5F610034806A /* ReactiveCocoa */ = {
			isa = PBXNativeTarget;
			buildConfigurationList = 82C80A7021FD5F630034806A /* Build configuration list for PBXNativeTarget "ReactiveCocoa" */;
			buildPhases = (
				D5BDEF047FD1744D7FCC44E2 /* [CP] Check Pods Manifest.lock */,
				82C80A4021FD5F610034806A /* Sources */,
				82C80A4121FD5F610034806A /* Frameworks */,
				82C80A4221FD5F610034806A /* Resources */,
			);
			buildRules = (
			);
			dependencies = (
			);
			name = ReactiveCocoa;
			productName = ReactiveCocoa;
			productReference = 82C80A4421FD5F610034806A /* ReactiveCocoa.app */;
			productType = "com.apple.product-type.application";
		};
		82C80A5B21FD5F630034806A /* ReactiveCocoaTests */ = {
			isa = PBXNativeTarget;
			buildConfigurationList = 82C80A7321FD5F630034806A /* Build configuration list for PBXNativeTarget "ReactiveCocoaTests" */;
			buildPhases = (
				82C80A5821FD5F630034806A /* Sources */,
				82C80A5921FD5F630034806A /* Frameworks */,
				82C80A5A21FD5F630034806A /* Resources */,
			);
			buildRules = (
			);
			dependencies = (
				82C80A5E21FD5F630034806A /* PBXTargetDependency */,
			);
			name = ReactiveCocoaTests;
			productName = ReactiveCocoaTests;
			productReference = 82C80A5C21FD5F630034806A /* ReactiveCocoaTests.xctest */;
			productType = "com.apple.product-type.bundle.unit-test";
		};
		82C80A6621FD5F630034806A /* ReactiveCocoaUITests */ = {
			isa = PBXNativeTarget;
			buildConfigurationList = 82C80A7621FD5F630034806A /* Build configuration list for PBXNativeTarget "ReactiveCocoaUITests" */;
			buildPhases = (
				82C80A6321FD5F630034806A /* Sources */,
				82C80A6421FD5F630034806A /* Frameworks */,
				82C80A6521FD5F630034806A /* Resources */,
			);
			buildRules = (
			);
			dependencies = (
				82C80A6921FD5F630034806A /* PBXTargetDependency */,
			);
			name = ReactiveCocoaUITests;
			productName = ReactiveCocoaUITests;
			productReference = 82C80A6721FD5F630034806A /* ReactiveCocoaUITests.xctest */;
			productType = "com.apple.product-type.bundle.ui-testing";
		};
/* End PBXNativeTarget section */

/* Begin PBXProject section */
		82C80A3C21FD5F610034806A /* Project object */ = {
			isa = PBXProject;
			attributes = {
				LastUpgradeCheck = 1010;
				ORGANIZATIONNAME = "张小龙";
				TargetAttributes = {
					82C80A4321FD5F610034806A = {
						CreatedOnToolsVersion = 10.1;
					};
					82C80A5B21FD5F630034806A = {
						CreatedOnToolsVersion = 10.1;
						TestTargetID = 82C80A4321FD5F610034806A;
					};
					82C80A6621FD5F630034806A = {
						CreatedOnToolsVersion = 10.1;
						TestTargetID = 82C80A4321FD5F610034806A;
					};
				};
			};
			buildConfigurationList = 82C80A3F21FD5F610034806A /* Build configuration list for PBXProject "ReactiveCocoa" */;
			compatibilityVersion = "Xcode 9.3";
			developmentRegion = en;
			hasScannedForEncodings = 0;
			knownRegions = (
				en,
				Base,
			);
			mainGroup = 82C80A3B21FD5F610034806A;
			productRefGroup = 82C80A4521FD5F610034806A /* Products */;
			projectDirPath = "";
			projectRoot = "";
			targets = (
				82C80A4321FD5F610034806A /* ReactiveCocoa */,
				82C80A5B21FD5F630034806A /* ReactiveCocoaTests */,
				82C80A6621FD5F630034806A /* ReactiveCocoaUITests */,
			);
		};
/* End PBXProject section */

/* Begin PBXResourcesBuildPhase section */
		82C80A4221FD5F610034806A /* Resources */ = {
			isa = PBXResourcesBuildPhase;
			buildActionMask = 2147483647;
			files = (
				82C80A5421FD5F630034806A /* LaunchScreen.storyboard in Resources */,
				82C80A5121FD5F630034806A /* Assets.xcassets in Resources */,
				82C80A4F21FD5F610034806A /* Main.storyboard in Resources */,
			);
			runOnlyForDeploymentPostprocessing = 0;
		};
		82C80A5A21FD5F630034806A /* Resources */ = {
			isa = PBXResourcesBuildPhase;
			buildActionMask = 2147483647;
			files = (
			);
			runOnlyForDeploymentPostprocessing = 0;
		};
		82C80A6521FD5F630034806A /* Resources */ = {
			isa = PBXResourcesBuildPhase;
			buildActionMask = 2147483647;
			files = (
			);
			runOnlyForDeploymentPostprocessing = 0;
		};
/* End PBXResourcesBuildPhase section */

/* Begin PBXShellScriptBuildPhase section */
		D5BDEF047FD1744D7FCC44E2 /* [CP] Check Pods Manifest.lock */ = {
			isa = PBXShellScriptBuildPhase;
			buildActionMask = 2147483647;
			files = (
			);
			inputFileListPaths = (
			);
			inputPaths = (
				"${PODS_PODFILE_DIR_PATH}/Podfile.lock",
				"${PODS_ROOT}/Manifest.lock",
			);
			name = "[CP] Check Pods Manifest.lock";
			outputFileListPaths = (
			);
			outputPaths = (
				"$(DERIVED_FILE_DIR)/Pods-ReactiveCocoa-checkManifestLockResult.txt",
			);
			runOnlyForDeploymentPostprocessing = 0;
			shellPath = /bin/sh;
			shellScript = "diff \"${PODS_PODFILE_DIR_PATH}/Podfile.lock\" \"${PODS_ROOT}/Manifest.lock\" > /dev/null\nif [ $? != 0 ] ; then\n    # print error to STDERR\n    echo \"error: The sandbox is not in sync with the Podfile.lock. Run 'pod install' or update your CocoaPods installation.\" >&2\n    exit 1\nfi\n# This output is used by Xcode 'outputs' to avoid re-running this script phase.\necho \"SUCCESS\" > \"${SCRIPT_OUTPUT_FILE_0}\"\n";
			showEnvVarsInLog = 0;
		};
/* End PBXShellScriptBuildPhase section */

/* Begin PBXSourcesBuildPhase section */
		82C80A4021FD5F610034806A /* Sources */ = {
			isa = PBXSourcesBuildPhase;
			buildActionMask = 2147483647;
			files = (
				82C80A4C21FD5F610034806A /* ViewController.m in Sources */,
				82C80A7E21FD84090034806A /* PersonManager.m in Sources */,
				82C80A5721FD5F630034806A /* main.m in Sources */,
				82C80A7B21FD80090034806A /* Person.m in Sources */,
				82C80A4921FD5F610034806A /* AppDelegate.m in Sources */,
			);
			runOnlyForDeploymentPostprocessing = 0;
		};
		82C80A5821FD5F630034806A /* Sources */ = {
			isa = PBXSourcesBuildPhase;
			buildActionMask = 2147483647;
			files = (
				82C80A6121FD5F630034806A /* ReactiveCocoaTests.m in Sources */,
			);
			runOnlyForDeploymentPostprocessing = 0;
		};
		82C80A6321FD5F630034806A /* Sources */ = {
			isa = PBXSourcesBuildPhase;
			buildActionMask = 2147483647;
			files = (
				82C80A6C21FD5F630034806A /* ReactiveCocoaUITests.m in Sources */,
			);
			runOnlyForDeploymentPostprocessing = 0;
		};
/* End PBXSourcesBuildPhase section */

/* Begin PBXTargetDependency section */
		82C80A5E21FD5F630034806A /* PBXTargetDependency */ = {
			isa = PBXTargetDependency;
			target = 82C80A4321FD5F610034806A /* ReactiveCocoa */;
			targetProxy = 82C80A5D21FD5F630034806A /* PBXContainerItemProxy */;
		};
		82C80A6921FD5F630034806A /* PBXTargetDependency */ = {
			isa = PBXTargetDependency;
			target = 82C80A4321FD5F610034806A /* ReactiveCocoa */;
			targetProxy = 82C80A6821FD5F630034806A /* PBXContainerItemProxy */;
		};
/* End PBXTargetDependency section */

/* Begin PBXVariantGroup section */
		82C80A4D21FD5F610034806A /* Main.storyboard */ = {
			isa = PBXVariantGroup;
			children = (
				82C80A4E21FD5F610034806A /* Base */,
			);
			name = Main.storyboard;
			sourceTree = "<group>";
		};
		82C80A5221FD5F630034806A /* LaunchScreen.storyboard */ = {
			isa = PBXVariantGroup;
			children = (
				82C80A5321FD5F630034806A /* Base */,
			);
			name = LaunchScreen.storyboard;
			sourceTree = "<group>";
		};
/* End PBXVariantGroup section */

/* Begin XCBuildConfiguration section */
		82C80A6E21FD5F630034806A /* Debug */ = {
			isa = XCBuildConfiguration;
			buildSettings = {
				ALWAYS_SEARCH_USER_PATHS = NO;
				CLANG_ANALYZER_NONNULL = YES;
				CLANG_ANALYZER_NUMBER_OBJECT_CONVERSION = YES_AGGRESSIVE;
				CLANG_CXX_LANGUAGE_STANDARD = "gnu++14";
				CLANG_CXX_LIBRARY = "libc++";
				CLANG_ENABLE_MODULES = YES;
				CLANG_ENABLE_OBJC_ARC = YES;
				CLANG_ENABLE_OBJC_WEAK = YES;
				CLANG_WARN_BLOCK_CAPTURE_AUTORELEASING = YES;
				CLANG_WARN_BOOL_CONVERSION = YES;
				CLANG_WARN_COMMA = YES;
				CLANG_WARN_CONSTANT_CONVERSION = YES;
				CLANG_WARN_DEPRECATED_OBJC_IMPLEMENTATIONS = YES;
				CLANG_WARN_DIRECT_OBJC_ISA_USAGE = YES_ERROR;
				CLANG_WARN_DOCUMENTATION_COMMENTS = YES;
				CLANG_WARN_EMPTY_BODY = YES;
				CLANG_WARN_ENUM_CONVERSION = YES;
				CLANG_WARN_INFINITE_RECURSION = YES;
				CLANG_WARN_INT_CONVERSION = YES;
				CLANG_WARN_NON_LITERAL_NULL_CONVERSION = YES;
				CLANG_WARN_OBJC_IMPLICIT_RETAIN_SELF = YES;
				CLANG_WARN_OBJC_LITERAL_CONVERSION = YES;
				CLANG_WARN_OBJC_ROOT_CLASS = YES_ERROR;
				CLANG_WARN_RANGE_LOOP_ANALYSIS = YES;
				CLANG_WARN_STRICT_PROTOTYPES = YES;
				CLANG_WARN_SUSPICIOUS_MOVE = YES;
				CLANG_WARN_UNGUARDED_AVAILABILITY = YES_AGGRESSIVE;
				CLANG_WARN_UNREACHABLE_CODE = YES;
				CLANG_WARN__DUPLICATE_METHOD_MATCH = YES;
				CODE_SIGN_IDENTITY = "iPhone Developer";
				COPY_PHASE_STRIP = NO;
				DEBUG_INFORMATION_FORMAT = dwarf;
				ENABLE_STRICT_OBJC_MSGSEND = YES;
				ENABLE_TESTABILITY = YES;
				GCC_C_LANGUAGE_STANDARD = gnu11;
				GCC_DYNAMIC_NO_PIC = NO;
				GCC_NO_COMMON_BLOCKS = YES;
				GCC_OPTIMIZATION_LEVEL = 0;
				GCC_PREPROCESSOR_DEFINITIONS = (
					"DEBUG=1",
					"$(inherited)",
				);
				GCC_WARN_64_TO_32_BIT_CONVERSION = YES;
				GCC_WARN_ABOUT_RETURN_TYPE = YES_ERROR;
				GCC_WARN_UNDECLARED_SELECTOR = YES;
				GCC_WARN_UNINITIALIZED_AUTOS = YES_AGGRESSIVE;
				GCC_WARN_UNUSED_FUNCTION = YES;
				GCC_WARN_UNUSED_VARIABLE = YES;
				IPHONEOS_DEPLOYMENT_TARGET = 12.1;
				MTL_ENABLE_DEBUG_INFO = INCLUDE_SOURCE;
				MTL_FAST_MATH = YES;
				ONLY_ACTIVE_ARCH = YES;
				SDKROOT = iphoneos;
			};
			name = Debug;
		};
		82C80A6F21FD5F630034806A /* Release */ = {
			isa = XCBuildConfiguration;
			buildSettings = {
				ALWAYS_SEARCH_USER_PATHS = NO;
				CLANG_ANALYZER_NONNULL = YES;
				CLANG_ANALYZER_NUMBER_OBJECT_CONVERSION = YES_AGGRESSIVE;
				CLANG_CXX_LANGUAGE_STANDARD = "gnu++14";
				CLANG_CXX_LIBRARY = "libc++";
				CLANG_ENABLE_MODULES = YES;
				CLANG_ENABLE_OBJC_ARC = YES;
				CLANG_ENABLE_OBJC_WEAK = YES;
				CLANG_WARN_BLOCK_CAPTURE_AUTORELEASING = YES;
				CLANG_WARN_BOOL_CONVERSION = YES;
				CLANG_WARN_COMMA = YES;
				CLANG_WARN_CONSTANT_CONVERSION = YES;
				CLANG_WARN_DEPRECATED_OBJC_IMPLEMENTATIONS = YES;
				CLANG_WARN_DIRECT_OBJC_ISA_USAGE = YES_ERROR;
				CLANG_WARN_DOCUMENTATION_COMMENTS = YES;
				CLANG_WARN_EMPTY_BODY = YES;
				CLANG_WARN_ENUM_CONVERSION = YES;
				CLANG_WARN_INFINITE_RECURSION = YES;
				CLANG_WARN_INT_CONVERSION = YES;
				CLANG_WARN_NON_LITERAL_NULL_CONVERSION = YES;
				CLANG_WARN_OBJC_IMPLICIT_RETAIN_SELF = YES;
				CLANG_WARN_OBJC_LITERAL_CONVERSION = YES;
				CLANG_WARN_OBJC_ROOT_CLASS = YES_ERROR;
				CLANG_WARN_RANGE_LOOP_ANALYSIS = YES;
				CLANG_WARN_STRICT_PROTOTYPES = YES;
				CLANG_WARN_SUSPICIOUS_MOVE = YES;
				CLANG_WARN_UNGUARDED_AVAILABILITY = YES_AGGRESSIVE;
				CLANG_WARN_UNREACHABLE_CODE = YES;
				CLANG_WARN__DUPLICATE_METHOD_MATCH = YES;
				CODE_SIGN_IDENTITY = "iPhone Developer";
				COPY_PHASE_STRIP = NO;
				DEBUG_INFORMATION_FORMAT = "dwarf-with-dsym";
				ENABLE_NS_ASSERTIONS = NO;
				ENABLE_STRICT_OBJC_MSGSEND = YES;
				GCC_C_LANGUAGE_STANDARD = gnu11;
				GCC_NO_COMMON_BLOCKS = YES;
				GCC_WARN_64_TO_32_BIT_CONVERSION = YES;
				GCC_WARN_ABOUT_RETURN_TYPE = YES_ERROR;
				GCC_WARN_UNDECLARED_SELECTOR = YES;
				GCC_WARN_UNINITIALIZED_AUTOS = YES_AGGRESSIVE;
				GCC_WARN_UNUSED_FUNCTION = YES;
				GCC_WARN_UNUSED_VARIABLE = YES;
				IPHONEOS_DEPLOYMENT_TARGET = 12.1;
				MTL_ENABLE_DEBUG_INFO = NO;
				MTL_FAST_MATH = YES;
				SDKROOT = iphoneos;
				VALIDATE_PRODUCT = YES;
			};
			name = Release;
		};
		82C80A7121FD5F630034806A /* Debug */ = {
			isa = XCBuildConfiguration;
			baseConfigurationReference = E17E99AC661B2041819A94DA /* Pods-ReactiveCocoa.debug.xcconfig */;
			buildSettings = {
				ASSETCATALOG_COMPILER_APPICON_NAME = AppIcon;
				CODE_SIGN_STYLE = Automatic;
				DEVELOPMENT_TEAM = 7T87C2R7MW;
				INFOPLIST_FILE = ReactiveCocoa/Info.plist;
				LD_RUNPATH_SEARCH_PATHS = (
					"$(inherited)",
					"@executable_path/Frameworks",
				);
				PRODUCT_BUNDLE_IDENTIFIER = com.jlb.ReactiveCocoa;
				PRODUCT_NAME = "$(TARGET_NAME)";
				TARGETED_DEVICE_FAMILY = "1,2";
			};
			name = Debug;
		};
		82C80A7221FD5F630034806A /* Release */ = {
			isa = XCBuildConfiguration;
			baseConfigurationReference = CD53AC02E66149C02FFF087D /* Pods-ReactiveCocoa.release.xcconfig */;
			buildSettings = {
				ASSETCATALOG_COMPILER_APPICON_NAME = AppIcon;
				CODE_SIGN_STYLE = Automatic;
				DEVELOPMENT_TEAM = 7T87C2R7MW;
				INFOPLIST_FILE = ReactiveCocoa/Info.plist;
				LD_RUNPATH_SEARCH_PATHS = (
					"$(inherited)",
					"@executable_path/Frameworks",
				);
				PRODUCT_BUNDLE_IDENTIFIER = com.jlb.ReactiveCocoa;
				PRODUCT_NAME = "$(TARGET_NAME)";
				TARGETED_DEVICE_FAMILY = "1,2";
			};
			name = Release;
		};
		82C80A7421FD5F630034806A /* Debug */ = {
			isa = XCBuildConfiguration;
			buildSettings = {
				BUNDLE_LOADER = "$(TEST_HOST)";
				CODE_SIGN_STYLE = Automatic;
				DEVELOPMENT_TEAM = 7T87C2R7MW;
				INFOPLIST_FILE = ReactiveCocoaTests/Info.plist;
				LD_RUNPATH_SEARCH_PATHS = (
					"$(inherited)",
					"@executable_path/Frameworks",
					"@loader_path/Frameworks",
				);
				PRODUCT_BUNDLE_IDENTIFIER = com.jlb.ReactiveCocoaTests;
				PRODUCT_NAME = "$(TARGET_NAME)";
				TARGETED_DEVICE_FAMILY = "1,2";
				TEST_HOST = "$(BUILT_PRODUCTS_DIR)/ReactiveCocoa.app/ReactiveCocoa";
			};
			name = Debug;
		};
		82C80A7521FD5F630034806A /* Release */ = {
			isa = XCBuildConfiguration;
			buildSettings = {
				BUNDLE_LOADER = "$(TEST_HOST)";
				CODE_SIGN_STYLE = Automatic;
				DEVELOPMENT_TEAM = 7T87C2R7MW;
				INFOPLIST_FILE = ReactiveCocoaTests/Info.plist;
				LD_RUNPATH_SEARCH_PATHS = (
					"$(inherited)",
					"@executable_path/Frameworks",
					"@loader_path/Frameworks",
				);
				PRODUCT_BUNDLE_IDENTIFIER = com.jlb.ReactiveCocoaTests;
				PRODUCT_NAME = "$(TARGET_NAME)";
				TARGETED_DEVICE_FAMILY = "1,2";
				TEST_HOST = "$(BUILT_PRODUCTS_DIR)/ReactiveCocoa.app/ReactiveCocoa";
			};
			name = Release;
		};
		82C80A7721FD5F630034806A /* Debug */ = {
			isa = XCBuildConfiguration;
			buildSettings = {
				CODE_SIGN_STYLE = Automatic;
				DEVELOPMENT_TEAM = 7T87C2R7MW;
				INFOPLIST_FILE = ReactiveCocoaUITests/Info.plist;
				LD_RUNPATH_SEARCH_PATHS = (
					"$(inherited)",
					"@executable_path/Frameworks",
					"@loader_path/Frameworks",
				);
				PRODUCT_BUNDLE_IDENTIFIER = com.jlb.ReactiveCocoaUITests;
				PRODUCT_NAME = "$(TARGET_NAME)";
				TARGETED_DEVICE_FAMILY = "1,2";
				TEST_TARGET_NAME = ReactiveCocoa;
			};
			name = Debug;
		};
		82C80A7821FD5F630034806A /* Release */ = {
			isa = XCBuildConfiguration;
			buildSettings = {
				CODE_SIGN_STYLE = Automatic;
				DEVELOPMENT_TEAM = 7T87C2R7MW;
				INFOPLIST_FILE = ReactiveCocoaUITests/Info.plist;
				LD_RUNPATH_SEARCH_PATHS = (
					"$(inherited)",
					"@executable_path/Frameworks",
					"@loader_path/Frameworks",
				);
				PRODUCT_BUNDLE_IDENTIFIER = com.jlb.ReactiveCocoaUITests;
				PRODUCT_NAME = "$(TARGET_NAME)";
				TARGETED_DEVICE_FAMILY = "1,2";
				TEST_TARGET_NAME = ReactiveCocoa;
			};
			name = Release;
		};
/* End XCBuildConfiguration section */

/* Begin XCConfigurationList section */
		82C80A3F21FD5F610034806A /* Build configuration list for PBXProject "ReactiveCocoa" */ = {
			isa = XCConfigurationList;
			buildConfigurations = (
				82C80A6E21FD5F630034806A /* Debug */,
				82C80A6F21FD5F630034806A /* Release */,
			);
			defaultConfigurationIsVisible = 0;
			defaultConfigurationName = Release;
		};
		82C80A7021FD5F630034806A /* Build configuration list for PBXNativeTarget "ReactiveCocoa" */ = {
			isa = XCConfigurationList;
			buildConfigurations = (
				82C80A7121FD5F630034806A /* Debug */,
				82C80A7221FD5F630034806A /* Release */,
			);
			defaultConfigurationIsVisible = 0;
			defaultConfigurationName = Release;
		};
		82C80A7321FD5F630034806A /* Build configuration list for PBXNativeTarget "ReactiveCocoaTests" */ = {
			isa = XCConfigurationList;
			buildConfigurations = (
				82C80A7421FD5F630034806A /* Debug */,
				82C80A7521FD5F630034806A /* Release */,
			);
			defaultConfigurationIsVisible = 0;
			defaultConfigurationName = Release;
		};
		82C80A7621FD5F630034806A /* Build configuration list for PBXNativeTarget "ReactiveCocoaUITests" */ = {
			isa = XCConfigurationList;
			buildConfigurations = (
				82C80A7721FD5F630034806A /* Debug */,
				82C80A7821FD5F630034806A /* Release */,
			);
			defaultConfigurationIsVisible = 0;
			defaultConfigurationName = Release;
		};
/* End XCConfigurationList section */
	};
	rootObject = 82C80A3C21FD5F610034806A /* Project object */;
}
