// !$*UTF8*$!
{
	archiveVersion = 1;
	classes = {
	};
	objectVersion = 50;
	objects = {

/* Begin PBXBuildFile section */
		1F2941A7D6904C8FA7473D32 /* libPods-BoltsDome.a in Frameworks */ = {isa = PBXBuildFile; fileRef = 6FF65AE7DE599E50B4EEE859 /* libPods-BoltsDome.a */; };
		82163B7821F86AC800484F0C /* AppDelegate.m in Sources */ = {isa = PBXBuildFile; fileRef = 82163B7721F86AC800484F0C /* AppDelegate.m */; };
		82163B7B21F86AC800484F0C /* ViewController.m in Sources */ = {isa = PBXBuildFile; fileRef = 82163B7A21F86AC800484F0C /* ViewController.m */; };
		82163B7E21F86AC800484F0C /* Main.storyboard in Resources */ = {isa = PBXBuildFile; fileRef = 82163B7C21F86AC800484F0C /* Main.storyboard */; };
		82163B8021F86ACA00484F0C /* Assets.xcassets in Resources */ = {isa = PBXBuildFile; fileRef = 82163B7F21F86ACA00484F0C /* Assets.xcassets */; };
		82163B8321F86ACA00484F0C /* LaunchScreen.storyboard in Resources */ = {isa = PBXBuildFile; fileRef = 82163B8121F86ACA00484F0C /* LaunchScreen.storyboard */; };
		82163B8621F86ACA00484F0C /* main.m in Sources */ = {isa = PBXBuildFile; fileRef = 82163B8521F86ACA00484F0C /* main.m */; };
		82163B9021F86ACB00484F0C /* BoltsDomeTests.m in Sources */ = {isa = PBXBuildFile; fileRef = 82163B8F21F86ACB00484F0C /* BoltsDomeTests.m */; };
		82163B9B21F86ACB00484F0C /* BoltsDomeUITests.m in Sources */ = {isa = PBXBuildFile; fileRef = 82163B9A21F86ACB00484F0C /* BoltsDomeUITests.m */; };
/* End PBXBuildFile section */

/* Begin PBXContainerItemProxy section */
		82163B8C21F86ACB00484F0C /* PBXContainerItemProxy */ = {
			isa = PBXContainerItemProxy;
			containerPortal = 82163B6B21F86AC800484F0C /* Project object */;
			proxyType = 1;
			remoteGlobalIDString = 82163B7221F86AC800484F0C;
			remoteInfo = BoltsDome;
		};
		82163B9721F86ACB00484F0C /* PBXContainerItemProxy */ = {
			isa = PBXContainerItemProxy;
			containerPortal = 82163B6B21F86AC800484F0C /* Project object */;
			proxyType = 1;
			remoteGlobalIDString = 82163B7221F86AC800484F0C;
			remoteInfo = BoltsDome;
		};
/* End PBXContainerItemProxy section */

/* Begin PBXFileReference section */
		3127A0FCEC08E1FC64847558 /* Pods-BoltsDome.release.xcconfig */ = {isa = PBXFileReference; includeInIndex = 1; lastKnownFileType = text.xcconfig; name = "Pods-BoltsDome.release.xcconfig"; path = "Pods/Target Support Files/Pods-BoltsDome/Pods-BoltsDome.release.xcconfig"; sourceTree = "<group>"; };
		6FF65AE7DE599E50B4EEE859 /* libPods-BoltsDome.a */ = {isa = PBXFileReference; explicitFileType = archive.ar; includeInIndex = 0; path = "libPods-BoltsDome.a"; sourceTree = BUILT_PRODUCTS_DIR; };
		82163B7321F86AC800484F0C /* BoltsDome.app */ = {isa = PBXFileReference; explicitFileType = wrapper.application; includeInIndex = 0; path = BoltsDome.app; sourceTree = BUILT_PRODUCTS_DIR; };
		82163B7621F86AC800484F0C /* AppDelegate.h */ = {isa = PBXFileReference; lastKnownFileType = sourcecode.c.h; path = AppDelegate.h; sourceTree = "<group>"; };
		82163B7721F86AC800484F0C /* AppDelegate.m */ = {isa = PBXFileReference; lastKnownFileType = sourcecode.c.objc; path = AppDelegate.m; sourceTree = "<group>"; };
		82163B7921F86AC800484F0C /* ViewController.h */ = {isa = PBXFileReference; lastKnownFileType = sourcecode.c.h; path = ViewController.h; sourceTree = "<group>"; };
		82163B7A21F86AC800484F0C /* ViewController.m */ = {isa = PBXFileReference; lastKnownFileType = sourcecode.c.objc; path = ViewController.m; sourceTree = "<group>"; };
		82163B7D21F86AC800484F0C /* Base */ = {isa = PBXFileReference; lastKnownFileType = file.storyboard; name = Base; path = Base.lproj/Main.storyboard; sourceTree = "<group>"; };
		82163B7F21F86ACA00484F0C /* Assets.xcassets */ = {isa = PBXFileReference; lastKnownFileType = folder.assetcatalog; path = Assets.xcassets; sourceTree = "<group>"; };
		82163B8221F86ACA00484F0C /* Base */ = {isa = PBXFileReference; lastKnownFileType = file.storyboard; name = Base; path = Base.lproj/LaunchScreen.storyboard; sourceTree = "<group>"; };
		82163B8421F86ACA00484F0C /* Info.plist */ = {isa = PBXFileReference; lastKnownFileType = text.plist.xml; path = Info.plist; sourceTree = "<group>"; };
		82163B8521F86ACA00484F0C /* main.m */ = {isa = PBXFileReference; lastKnownFileType = sourcecode.c.objc; path = main.m; sourceTree = "<group>"; };
		82163B8B21F86ACB00484F0C /* BoltsDomeTests.xctest */ = {isa = PBXFileReference; explicitFileType = wrapper.cfbundle; includeInIndex = 0; path = BoltsDomeTests.xctest; sourceTree = BUILT_PRODUCTS_DIR; };
		82163B8F21F86ACB00484F0C /* BoltsDomeTests.m */ = {isa = PBXFileReference; lastKnownFileType = sourcecode.c.objc; path = BoltsDomeTests.m; sourceTree = "<group>"; };
		82163B9121F86ACB00484F0C /* Info.plist */ = {isa = PBXFileReference; lastKnownFileType = text.plist.xml; path = Info.plist; sourceTree = "<group>"; };
		82163B9621F86ACB00484F0C /* BoltsDomeUITests.xctest */ = {isa = PBXFileReference; explicitFileType = wrapper.cfbundle; includeInIndex = 0; path = BoltsDomeUITests.xctest; sourceTree = BUILT_PRODUCTS_DIR; };
		82163B9A21F86ACB00484F0C /* BoltsDomeUITests.m */ = {isa = PBXFileReference; lastKnownFileType = sourcecode.c.objc; path = BoltsDomeUITests.m; sourceTree = "<group>"; };
		82163B9C21F86ACB00484F0C /* Info.plist */ = {isa = PBXFileReference; lastKnownFileType = text.plist.xml; path = Info.plist; sourceTree = "<group>"; };
		CC156CFEA0D300E7C8906089 /* Pods-BoltsDome.debug.xcconfig */ = {isa = PBXFileReference; includeInIndex = 1; lastKnownFileType = text.xcconfig; name = "Pods-BoltsDome.debug.xcconfig"; path = "Pods/Target Support Files/Pods-BoltsDome/Pods-BoltsDome.debug.xcconfig"; sourceTree = "<group>"; };
/* End PBXFileReference section */

/* Begin PBXFrameworksBuildPhase section */
		82163B7021F86AC800484F0C /* Frameworks */ = {
			isa = PBXFrameworksBuildPhase;
			buildActionMask = 2147483647;
			files = (
				1F2941A7D6904C8FA7473D32 /* libPods-BoltsDome.a in Frameworks */,
			);
			runOnlyForDeploymentPostprocessing = 0;
		};
		82163B8821F86ACB00484F0C /* Frameworks */ = {
			isa = PBXFrameworksBuildPhase;
			buildActionMask = 2147483647;
			files = (
			);
			runOnlyForDeploymentPostprocessing = 0;
		};
		82163B9321F86ACB00484F0C /* Frameworks */ = {
			isa = PBXFrameworksBuildPhase;
			buildActionMask = 2147483647;
			files = (
			);
			runOnlyForDeploymentPostprocessing = 0;
		};
/* End PBXFrameworksBuildPhase section */

/* Begin PBXGroup section */
		82163B6A21F86AC800484F0C = {
			isa = PBXGroup;
			children = (
				82163B7521F86AC800484F0C /* BoltsDome */,
				82163B8E21F86ACB00484F0C /* BoltsDomeTests */,
				82163B9921F86ACB00484F0C /* BoltsDomeUITests */,
				82163B7421F86AC800484F0C /* Products */,
				F776B98612296E11A8950F9D /* Pods */,
				AD48A0B04AC72512845DBC23 /* Frameworks */,
			);
			sourceTree = "<group>";
		};
		82163B7421F86AC800484F0C /* Products */ = {
			isa = PBXGroup;
			children = (
				82163B7321F86AC800484F0C /* BoltsDome.app */,
				82163B8B21F86ACB00484F0C /* BoltsDomeTests.xctest */,
				82163B9621F86ACB00484F0C /* BoltsDomeUITests.xctest */,
			);
			name = Products;
			sourceTree = "<group>";
		};
		82163B7521F86AC800484F0C /* BoltsDome */ = {
			isa = PBXGroup;
			children = (
				82163B7621F86AC800484F0C /* AppDelegate.h */,
				82163B7721F86AC800484F0C /* AppDelegate.m */,
				82163B7921F86AC800484F0C /* ViewController.h */,
				82163B7A21F86AC800484F0C /* ViewController.m */,
				82163B7C21F86AC800484F0C /* Main.storyboard */,
				82163B7F21F86ACA00484F0C /* Assets.xcassets */,
				82163B8121F86ACA00484F0C /* LaunchScreen.storyboard */,
				82163B8421F86ACA00484F0C /* Info.plist */,
				82163B8521F86ACA00484F0C /* main.m */,
			);
			path = BoltsDome;
			sourceTree = "<group>";
		};
		82163B8E21F86ACB00484F0C /* BoltsDomeTests */ = {
			isa = PBXGroup;
			children = (
				82163B8F21F86ACB00484F0C /* BoltsDomeTests.m */,
				82163B9121F86ACB00484F0C /* Info.plist */,
			);
			path = BoltsDomeTests;
			sourceTree = "<group>";
		};
		82163B9921F86ACB00484F0C /* BoltsDomeUITests */ = {
			isa = PBXGroup;
			children = (
				82163B9A21F86ACB00484F0C /* BoltsDomeUITests.m */,
				82163B9C21F86ACB00484F0C /* Info.plist */,
			);
			path = BoltsDomeUITests;
			sourceTree = "<group>";
		};
		AD48A0B04AC72512845DBC23 /* Frameworks */ = {
			isa = PBXGroup;
			children = (
				6FF65AE7DE599E50B4EEE859 /* libPods-BoltsDome.a */,
			);
			name = Frameworks;
			sourceTree = "<group>";
		};
		F776B98612296E11A8950F9D /* Pods */ = {
			isa = PBXGroup;
			children = (
				CC156CFEA0D300E7C8906089 /* Pods-BoltsDome.debug.xcconfig */,
				3127A0FCEC08E1FC64847558 /* Pods-BoltsDome.release.xcconfig */,
			);
			name = Pods;
			sourceTree = "<group>";
		};
/* End PBXGroup section */

/* Begin PBXNativeTarget section */
		82163B7221F86AC800484F0C /* BoltsDome */ = {
			isa = PBXNativeTarget;
			buildConfigurationList = 82163B9F21F86ACB00484F0C /* Build configuration list for PBXNativeTarget "BoltsDome" */;
			buildPhases = (
				B037BCF6F37B1030762F32D2 /* [CP] Check Pods Manifest.lock */,
				82163B6F21F86AC800484F0C /* Sources */,
				82163B7021F86AC800484F0C /* Frameworks */,
				82163B7121F86AC800484F0C /* Resources */,
			);
			buildRules = (
			);
			dependencies = (
			);
			name = BoltsDome;
			productName = BoltsDome;
			productReference = 82163B7321F86AC800484F0C /* BoltsDome.app */;
			productType = "com.apple.product-type.application";
		};
		82163B8A21F86ACB00484F0C /* BoltsDomeTests */ = {
			isa = PBXNativeTarget;
			buildConfigurationList = 82163BA221F86ACB00484F0C /* Build configuration list for PBXNativeTarget "BoltsDomeTests" */;
			buildPhases = (
				82163B8721F86ACB00484F0C /* Sources */,
				82163B8821F86ACB00484F0C /* Frameworks */,
				82163B8921F86ACB00484F0C /* Resources */,
			);
			buildRules = (
			);
			dependencies = (
				82163B8D21F86ACB00484F0C /* PBXTargetDependency */,
			);
			name = BoltsDomeTests;
			productName = BoltsDomeTests;
			productReference = 82163B8B21F86ACB00484F0C /* BoltsDomeTests.xctest */;
			productType = "com.apple.product-type.bundle.unit-test";
		};
		82163B9521F86ACB00484F0C /* BoltsDomeUITests */ = {
			isa = PBXNativeTarget;
			buildConfigurationList = 82163BA521F86ACB00484F0C /* Build configuration list for PBXNativeTarget "BoltsDomeUITests" */;
			buildPhases = (
				82163B9221F86ACB00484F0C /* Sources */,
				82163B9321F86ACB00484F0C /* Frameworks */,
				82163B9421F86ACB00484F0C /* Resources */,
			);
			buildRules = (
			);
			dependencies = (
				82163B9821F86ACB00484F0C /* PBXTargetDependency */,
			);
			name = BoltsDomeUITests;
			productName = BoltsDomeUITests;
			productReference = 82163B9621F86ACB00484F0C /* BoltsDomeUITests.xctest */;
			productType = "com.apple.product-type.bundle.ui-testing";
		};
/* End PBXNativeTarget section */

/* Begin PBXProject section */
		82163B6B21F86AC800484F0C /* Project object */ = {
			isa = PBXProject;
			attributes = {
				LastUpgradeCheck = 1010;
				ORGANIZATIONNAME = "张小龙";
				TargetAttributes = {
					82163B7221F86AC800484F0C = {
						CreatedOnToolsVersion = 10.1;
					};
					82163B8A21F86ACB00484F0C = {
						CreatedOnToolsVersion = 10.1;
						TestTargetID = 82163B7221F86AC800484F0C;
					};
					82163B9521F86ACB00484F0C = {
						CreatedOnToolsVersion = 10.1;
						TestTargetID = 82163B7221F86AC800484F0C;
					};
				};
			};
			buildConfigurationList = 82163B6E21F86AC800484F0C /* Build configuration list for PBXProject "BoltsDome" */;
			compatibilityVersion = "Xcode 9.3";
			developmentRegion = en;
			hasScannedForEncodings = 0;
			knownRegions = (
				en,
				Base,
			);
			mainGroup = 82163B6A21F86AC800484F0C;
			productRefGroup = 82163B7421F86AC800484F0C /* Products */;
			projectDirPath = "";
			projectRoot = "";
			targets = (
				82163B7221F86AC800484F0C /* BoltsDome */,
				82163B8A21F86ACB00484F0C /* BoltsDomeTests */,
				82163B9521F86ACB00484F0C /* BoltsDomeUITests */,
			);
		};
/* End PBXProject section */

/* Begin PBXResourcesBuildPhase section */
		82163B7121F86AC800484F0C /* Resources */ = {
			isa = PBXResourcesBuildPhase;
			buildActionMask = 2147483647;
			files = (
				82163B8321F86ACA00484F0C /* LaunchScreen.storyboard in Resources */,
				82163B8021F86ACA00484F0C /* Assets.xcassets in Resources */,
				82163B7E21F86AC800484F0C /* Main.storyboard in Resources */,
			);
			runOnlyForDeploymentPostprocessing = 0;
		};
		82163B8921F86ACB00484F0C /* Resources */ = {
			isa = PBXResourcesBuildPhase;
			buildActionMask = 2147483647;
			files = (
			);
			runOnlyForDeploymentPostprocessing = 0;
		};
		82163B9421F86ACB00484F0C /* Resources */ = {
			isa = PBXResourcesBuildPhase;
			buildActionMask = 2147483647;
			files = (
			);
			runOnlyForDeploymentPostprocessing = 0;
		};
/* End PBXResourcesBuildPhase section */

/* Begin PBXShellScriptBuildPhase section */
		B037BCF6F37B1030762F32D2 /* [CP] Check Pods Manifest.lock */ = {
			isa = PBXShellScriptBuildPhase;
			buildActionMask = 2147483647;
			files = (
			);
			inputFileListPaths = (
			);
			inputPaths = (
				"${PODS_PODFILE_DIR_PATH}/Podfile.lock",
				"${PODS_ROOT}/Manifest.lock",
			);
			name = "[CP] Check Pods Manifest.lock";
			outputFileListPaths = (
			);
			outputPaths = (
				"$(DERIVED_FILE_DIR)/Pods-BoltsDome-checkManifestLockResult.txt",
			);
			runOnlyForDeploymentPostprocessing = 0;
			shellPath = /bin/sh;
			shellScript = "diff \"${PODS_PODFILE_DIR_PATH}/Podfile.lock\" \"${PODS_ROOT}/Manifest.lock\" > /dev/null\nif [ $? != 0 ] ; then\n    # print error to STDERR\n    echo \"error: The sandbox is not in sync with the Podfile.lock. Run 'pod install' or update your CocoaPods installation.\" >&2\n    exit 1\nfi\n# This output is used by Xcode 'outputs' to avoid re-running this script phase.\necho \"SUCCESS\" > \"${SCRIPT_OUTPUT_FILE_0}\"\n";
			showEnvVarsInLog = 0;
		};
/* End PBXShellScriptBuildPhase section */

/* Begin PBXSourcesBuildPhase section */
		82163B6F21F86AC800484F0C /* Sources */ = {
			isa = PBXSourcesBuildPhase;
			buildActionMask = 2147483647;
			files = (
				82163B7B21F86AC800484F0C /* ViewController.m in Sources */,
				82163B8621F86ACA00484F0C /* main.m in Sources */,
				82163B7821F86AC800484F0C /* AppDelegate.m in Sources */,
			);
			runOnlyForDeploymentPostprocessing = 0;
		};
		82163B8721F86ACB00484F0C /* Sources */ = {
			isa = PBXSourcesBuildPhase;
			buildActionMask = 2147483647;
			files = (
				82163B9021F86ACB00484F0C /* BoltsDomeTests.m in Sources */,
			);
			runOnlyForDeploymentPostprocessing = 0;
		};
		82163B9221F86ACB00484F0C /* Sources */ = {
			isa = PBXSourcesBuildPhase;
			buildActionMask = 2147483647;
			files = (
				82163B9B21F86ACB00484F0C /* BoltsDomeUITests.m in Sources */,
			);
			runOnlyForDeploymentPostprocessing = 0;
		};
/* End PBXSourcesBuildPhase section */

/* Begin PBXTargetDependency section */
		82163B8D21F86ACB00484F0C /* PBXTargetDependency */ = {
			isa = PBXTargetDependency;
			target = 82163B7221F86AC800484F0C /* BoltsDome */;
			targetProxy = 82163B8C21F86ACB00484F0C /* PBXContainerItemProxy */;
		};
		82163B9821F86ACB00484F0C /* PBXTargetDependency */ = {
			isa = PBXTargetDependency;
			target = 82163B7221F86AC800484F0C /* BoltsDome */;
			targetProxy = 82163B9721F86ACB00484F0C /* PBXContainerItemProxy */;
		};
/* End PBXTargetDependency section */

/* Begin PBXVariantGroup section */
		82163B7C21F86AC800484F0C /* Main.storyboard */ = {
			isa = PBXVariantGroup;
			children = (
				82163B7D21F86AC800484F0C /* Base */,
			);
			name = Main.storyboard;
			sourceTree = "<group>";
		};
		82163B8121F86ACA00484F0C /* LaunchScreen.storyboard */ = {
			isa = PBXVariantGroup;
			children = (
				82163B8221F86ACA00484F0C /* Base */,
			);
			name = LaunchScreen.storyboard;
			sourceTree = "<group>";
		};
/* End PBXVariantGroup section */

/* Begin XCBuildConfiguration section */
		82163B9D21F86ACB00484F0C /* Debug */ = {
			isa = XCBuildConfiguration;
			buildSettings = {
				ALWAYS_SEARCH_USER_PATHS = NO;
				CLANG_ANALYZER_NONNULL = YES;
				CLANG_ANALYZER_NUMBER_OBJECT_CONVERSION = YES_AGGRESSIVE;
				CLANG_CXX_LANGUAGE_STANDARD = "gnu++14";
				CLANG_CXX_LIBRARY = "libc++";
				CLANG_ENABLE_MODULES = YES;
				CLANG_ENABLE_OBJC_ARC = YES;
				CLANG_ENABLE_OBJC_WEAK = YES;
				CLANG_WARN_BLOCK_CAPTURE_AUTORELEASING = YES;
				CLANG_WARN_BOOL_CONVERSION = YES;
				CLANG_WARN_COMMA = YES;
				CLANG_WARN_CONSTANT_CONVERSION = YES;
				CLANG_WARN_DEPRECATED_OBJC_IMPLEMENTATIONS = YES;
				CLANG_WARN_DIRECT_OBJC_ISA_USAGE = YES_ERROR;
				CLANG_WARN_DOCUMENTATION_COMMENTS = YES;
				CLANG_WARN_EMPTY_BODY = YES;
				CLANG_WARN_ENUM_CONVERSION = YES;
				CLANG_WARN_INFINITE_RECURSION = YES;
				CLANG_WARN_INT_CONVERSION = YES;
				CLANG_WARN_NON_LITERAL_NULL_CONVERSION = YES;
				CLANG_WARN_OBJC_IMPLICIT_RETAIN_SELF = YES;
				CLANG_WARN_OBJC_LITERAL_CONVERSION = YES;
				CLANG_WARN_OBJC_ROOT_CLASS = YES_ERROR;
				CLANG_WARN_RANGE_LOOP_ANALYSIS = YES;
				CLANG_WARN_STRICT_PROTOTYPES = YES;
				CLANG_WARN_SUSPICIOUS_MOVE = YES;
				CLANG_WARN_UNGUARDED_AVAILABILITY = YES_AGGRESSIVE;
				CLANG_WARN_UNREACHABLE_CODE = YES;
				CLANG_WARN__DUPLICATE_METHOD_MATCH = YES;
				CODE_SIGN_IDENTITY = "iPhone Developer";
				COPY_PHASE_STRIP = NO;
				DEBUG_INFORMATION_FORMAT = dwarf;
				ENABLE_STRICT_OBJC_MSGSEND = YES;
				ENABLE_TESTABILITY = YES;
				GCC_C_LANGUAGE_STANDARD = gnu11;
				GCC_DYNAMIC_NO_PIC = NO;
				GCC_NO_COMMON_BLOCKS = YES;
				GCC_OPTIMIZATION_LEVEL = 0;
				GCC_PREPROCESSOR_DEFINITIONS = (
					"DEBUG=1",
					"$(inherited)",
				);
				GCC_WARN_64_TO_32_BIT_CONVERSION = YES;
				GCC_WARN_ABOUT_RETURN_TYPE = YES_ERROR;
				GCC_WARN_UNDECLARED_SELECTOR = YES;
				GCC_WARN_UNINITIALIZED_AUTOS = YES_AGGRESSIVE;
				GCC_WARN_UNUSED_FUNCTION = YES;
				GCC_WARN_UNUSED_VARIABLE = YES;
				IPHONEOS_DEPLOYMENT_TARGET = 12.1;
				MTL_ENABLE_DEBUG_INFO = INCLUDE_SOURCE;
				MTL_FAST_MATH = YES;
				ONLY_ACTIVE_ARCH = YES;
				SDKROOT = iphoneos;
			};
			name = Debug;
		};
		82163B9E21F86ACB00484F0C /* Release */ = {
			isa = XCBuildConfiguration;
			buildSettings = {
				ALWAYS_SEARCH_USER_PATHS = NO;
				CLANG_ANALYZER_NONNULL = YES;
				CLANG_ANALYZER_NUMBER_OBJECT_CONVERSION = YES_AGGRESSIVE;
				CLANG_CXX_LANGUAGE_STANDARD = "gnu++14";
				CLANG_CXX_LIBRARY = "libc++";
				CLANG_ENABLE_MODULES = YES;
				CLANG_ENABLE_OBJC_ARC = YES;
				CLANG_ENABLE_OBJC_WEAK = YES;
				CLANG_WARN_BLOCK_CAPTURE_AUTORELEASING = YES;
				CLANG_WARN_BOOL_CONVERSION = YES;
				CLANG_WARN_COMMA = YES;
				CLANG_WARN_CONSTANT_CONVERSION = YES;
				CLANG_WARN_DEPRECATED_OBJC_IMPLEMENTATIONS = YES;
				CLANG_WARN_DIRECT_OBJC_ISA_USAGE = YES_ERROR;
				CLANG_WARN_DOCUMENTATION_COMMENTS = YES;
				CLANG_WARN_EMPTY_BODY = YES;
				CLANG_WARN_ENUM_CONVERSION = YES;
				CLANG_WARN_INFINITE_RECURSION = YES;
				CLANG_WARN_INT_CONVERSION = YES;
				CLANG_WARN_NON_LITERAL_NULL_CONVERSION = YES;
				CLANG_WARN_OBJC_IMPLICIT_RETAIN_SELF = YES;
				CLANG_WARN_OBJC_LITERAL_CONVERSION = YES;
				CLANG_WARN_OBJC_ROOT_CLASS = YES_ERROR;
				CLANG_WARN_RANGE_LOOP_ANALYSIS = YES;
				CLANG_WARN_STRICT_PROTOTYPES = YES;
				CLANG_WARN_SUSPICIOUS_MOVE = YES;
				CLANG_WARN_UNGUARDED_AVAILABILITY = YES_AGGRESSIVE;
				CLANG_WARN_UNREACHABLE_CODE = YES;
				CLANG_WARN__DUPLICATE_METHOD_MATCH = YES;
				CODE_SIGN_IDENTITY = "iPhone Developer";
				COPY_PHASE_STRIP = NO;
				DEBUG_INFORMATION_FORMAT = "dwarf-with-dsym";
				ENABLE_NS_ASSERTIONS = NO;
				ENABLE_STRICT_OBJC_MSGSEND = YES;
				GCC_C_LANGUAGE_STANDARD = gnu11;
				GCC_NO_COMMON_BLOCKS = YES;
				GCC_WARN_64_TO_32_BIT_CONVERSION = YES;
				GCC_WARN_ABOUT_RETURN_TYPE = YES_ERROR;
				GCC_WARN_UNDECLARED_SELECTOR = YES;
				GCC_WARN_UNINITIALIZED_AUTOS = YES_AGGRESSIVE;
				GCC_WARN_UNUSED_FUNCTION = YES;
				GCC_WARN_UNUSED_VARIABLE = YES;
				IPHONEOS_DEPLOYMENT_TARGET = 12.1;
				MTL_ENABLE_DEBUG_INFO = NO;
				MTL_FAST_MATH = YES;
				SDKROOT = iphoneos;
				VALIDATE_PRODUCT = YES;
			};
			name = Release;
		};
		82163BA021F86ACB00484F0C /* Debug */ = {
			isa = XCBuildConfiguration;
			baseConfigurationReference = CC156CFEA0D300E7C8906089 /* Pods-BoltsDome.debug.xcconfig */;
			buildSettings = {
				ASSETCATALOG_COMPILER_APPICON_NAME = AppIcon;
				CODE_SIGN_STYLE = Automatic;
				DEVELOPMENT_TEAM = 7T87C2R7MW;
				INFOPLIST_FILE = BoltsDome/Info.plist;
				LD_RUNPATH_SEARCH_PATHS = (
					"$(inherited)",
					"@executable_path/Frameworks",
				);
				PRODUCT_BUNDLE_IDENTIFIER = com.jlb.BoltsDome;
				PRODUCT_NAME = "$(TARGET_NAME)";
				TARGETED_DEVICE_FAMILY = "1,2";
			};
			name = Debug;
		};
		82163BA121F86ACB00484F0C /* Release */ = {
			isa = XCBuildConfiguration;
			baseConfigurationReference = 3127A0FCEC08E1FC64847558 /* Pods-BoltsDome.release.xcconfig */;
			buildSettings = {
				ASSETCATALOG_COMPILER_APPICON_NAME = AppIcon;
				CODE_SIGN_STYLE = Automatic;
				DEVELOPMENT_TEAM = 7T87C2R7MW;
				INFOPLIST_FILE = BoltsDome/Info.plist;
				LD_RUNPATH_SEARCH_PATHS = (
					"$(inherited)",
					"@executable_path/Frameworks",
				);
				PRODUCT_BUNDLE_IDENTIFIER = com.jlb.BoltsDome;
				PRODUCT_NAME = "$(TARGET_NAME)";
				TARGETED_DEVICE_FAMILY = "1,2";
			};
			name = Release;
		};
		82163BA321F86ACB00484F0C /* Debug */ = {
			isa = XCBuildConfiguration;
			buildSettings = {
				BUNDLE_LOADER = "$(TEST_HOST)";
				CODE_SIGN_STYLE = Automatic;
				DEVELOPMENT_TEAM = 7T87C2R7MW;
				INFOPLIST_FILE = BoltsDomeTests/Info.plist;
				LD_RUNPATH_SEARCH_PATHS = (
					"$(inherited)",
					"@executable_path/Frameworks",
					"@loader_path/Frameworks",
				);
				PRODUCT_BUNDLE_IDENTIFIER = com.jlb.BoltsDomeTests;
				PRODUCT_NAME = "$(TARGET_NAME)";
				TARGETED_DEVICE_FAMILY = "1,2";
				TEST_HOST = "$(BUILT_PRODUCTS_DIR)/BoltsDome.app/BoltsDome";
			};
			name = Debug;
		};
		82163BA421F86ACB00484F0C /* Release */ = {
			isa = XCBuildConfiguration;
			buildSettings = {
				BUNDLE_LOADER = "$(TEST_HOST)";
				CODE_SIGN_STYLE = Automatic;
				DEVELOPMENT_TEAM = 7T87C2R7MW;
				INFOPLIST_FILE = BoltsDomeTests/Info.plist;
				LD_RUNPATH_SEARCH_PATHS = (
					"$(inherited)",
					"@executable_path/Frameworks",
					"@loader_path/Frameworks",
				);
				PRODUCT_BUNDLE_IDENTIFIER = com.jlb.BoltsDomeTests;
				PRODUCT_NAME = "$(TARGET_NAME)";
				TARGETED_DEVICE_FAMILY = "1,2";
				TEST_HOST = "$(BUILT_PRODUCTS_DIR)/BoltsDome.app/BoltsDome";
			};
			name = Release;
		};
		82163BA621F86ACB00484F0C /* Debug */ = {
			isa = XCBuildConfiguration;
			buildSettings = {
				CODE_SIGN_STYLE = Automatic;
				DEVELOPMENT_TEAM = 7T87C2R7MW;
				INFOPLIST_FILE = BoltsDomeUITests/Info.plist;
				LD_RUNPATH_SEARCH_PATHS = (
					"$(inherited)",
					"@executable_path/Frameworks",
					"@loader_path/Frameworks",
				);
				PRODUCT_BUNDLE_IDENTIFIER = com.jlb.BoltsDomeUITests;
				PRODUCT_NAME = "$(TARGET_NAME)";
				TARGETED_DEVICE_FAMILY = "1,2";
				TEST_TARGET_NAME = BoltsDome;
			};
			name = Debug;
		};
		82163BA721F86ACB00484F0C /* Release */ = {
			isa = XCBuildConfiguration;
			buildSettings = {
				CODE_SIGN_STYLE = Automatic;
				DEVELOPMENT_TEAM = 7T87C2R7MW;
				INFOPLIST_FILE = BoltsDomeUITests/Info.plist;
				LD_RUNPATH_SEARCH_PATHS = (
					"$(inherited)",
					"@executable_path/Frameworks",
					"@loader_path/Frameworks",
				);
				PRODUCT_BUNDLE_IDENTIFIER = com.jlb.BoltsDomeUITests;
				PRODUCT_NAME = "$(TARGET_NAME)";
				TARGETED_DEVICE_FAMILY = "1,2";
				TEST_TARGET_NAME = BoltsDome;
			};
			name = Release;
		};
/* End XCBuildConfiguration section */

/* Begin XCConfigurationList section */
		82163B6E21F86AC800484F0C /* Build configuration list for PBXProject "BoltsDome" */ = {
			isa = XCConfigurationList;
			buildConfigurations = (
				82163B9D21F86ACB00484F0C /* Debug */,
				82163B9E21F86ACB00484F0C /* Release */,
			);
			defaultConfigurationIsVisible = 0;
			defaultConfigurationName = Release;
		};
		82163B9F21F86ACB00484F0C /* Build configuration list for PBXNativeTarget "BoltsDome" */ = {
			isa = XCConfigurationList;
			buildConfigurations = (
				82163BA021F86ACB00484F0C /* Debug */,
				82163BA121F86ACB00484F0C /* Release */,
			);
			defaultConfigurationIsVisible = 0;
			defaultConfigurationName = Release;
		};
		82163BA221F86ACB00484F0C /* Build configuration list for PBXNativeTarget "BoltsDomeTests" */ = {
			isa = XCConfigurationList;
			buildConfigurations = (
				82163BA321F86ACB00484F0C /* Debug */,
				82163BA421F86ACB00484F0C /* Release */,
			);
			defaultConfigurationIsVisible = 0;
			defaultConfigurationName = Release;
		};
		82163BA521F86ACB00484F0C /* Build configuration list for PBXNativeTarget "BoltsDomeUITests" */ = {
			isa = XCConfigurationList;
			buildConfigurations = (
				82163BA621F86ACB00484F0C /* Debug */,
				82163BA721F86ACB00484F0C /* Release */,
			);
			defaultConfigurationIsVisible = 0;
			defaultConfigurationName = Release;
		};
/* End XCConfigurationList section */
	};
	rootObject = 82163B6B21F86AC800484F0C /* Project object */;
}
