// !$*UTF8*$!
{
	archiveVersion = 1;
	classes = {
	};
	objectVersion = 50;
	objects = {

/* Begin PBXBuildFile section */
		82228D68229D310C000BD950 /* ViewController+ViewVC.m in Sources */ = {isa = PBXBuildFile; fileRef = 82228D67229D310C000BD950 /* ViewController+ViewVC.m */; };
		82228D6B229D316F000BD950 /* ViewController+Extension.m in Sources */ = {isa = PBXBuildFile; fileRef = 82228D6A229D316F000BD950 /* ViewController+Extension.m */; };
		825E1EA12212764F00C3033E /* UIPopManager.m in Sources */ = {isa = PBXBuildFile; fileRef = 825E1EA02212764F00C3033E /* UIPopManager.m */; };
		825E1EA422127A0B00C3033E /* UIPopBackgroundView.m in Sources */ = {isa = PBXBuildFile; fileRef = 825E1EA322127A0B00C3033E /* UIPopBackgroundView.m */; };
		825E1EA722127AEA00C3033E /* UIPopTipsViewController.m in Sources */ = {isa = PBXBuildFile; fileRef = 825E1EA622127AEA00C3033E /* UIPopTipsViewController.m */; };
		82BBBCE821F1A0F000D568C9 /* TitleWhitebackbg@2x.png in Resources */ = {isa = PBXBuildFile; fileRef = 82BBBCE721F1A0EF00D568C9 /* TitleWhitebackbg@2x.png */; };
		82C0E56D22951A0E00C1E998 /* UIButton+Extension.m in Sources */ = {isa = PBXBuildFile; fileRef = 82C0E56522951A0D00C1E998 /* UIButton+Extension.m */; };
		82C0E56E22951A0E00C1E998 /* UINavigationBar+Extension.m in Sources */ = {isa = PBXBuildFile; fileRef = 82C0E56622951A0E00C1E998 /* UINavigationBar+Extension.m */; };
		82C0E56F22951A0E00C1E998 /* UINavigationController+Extension.m in Sources */ = {isa = PBXBuildFile; fileRef = 82C0E56922951A0E00C1E998 /* UINavigationController+Extension.m */; };
		82C0E57022951A0E00C1E998 /* NSObject+ZXLExtension.m in Sources */ = {isa = PBXBuildFile; fileRef = 82C0E56B22951A0E00C1E998 /* NSObject+ZXLExtension.m */; };
		82FAB0DC21F066520084BF38 /* AppDelegate.m in Sources */ = {isa = PBXBuildFile; fileRef = 82FAB0DB21F066520084BF38 /* AppDelegate.m */; };
		82FAB0DF21F066520084BF38 /* ViewController.m in Sources */ = {isa = PBXBuildFile; fileRef = 82FAB0DE21F066520084BF38 /* ViewController.m */; };
		82FAB0E421F066550084BF38 /* Assets.xcassets in Resources */ = {isa = PBXBuildFile; fileRef = 82FAB0E321F066550084BF38 /* Assets.xcassets */; };
		82FAB0E721F066550084BF38 /* LaunchScreen.storyboard in Resources */ = {isa = PBXBuildFile; fileRef = 82FAB0E521F066550084BF38 /* LaunchScreen.storyboard */; };
		82FAB0EA21F066550084BF38 /* main.m in Sources */ = {isa = PBXBuildFile; fileRef = 82FAB0E921F066550084BF38 /* main.m */; };
		82FAB0F421F066550084BF38 /* UINavigationBarDomeTests.m in Sources */ = {isa = PBXBuildFile; fileRef = 82FAB0F321F066550084BF38 /* UINavigationBarDomeTests.m */; };
		82FAB0FF21F066550084BF38 /* UINavigationBarDomeUITests.m in Sources */ = {isa = PBXBuildFile; fileRef = 82FAB0FE21F066550084BF38 /* UINavigationBarDomeUITests.m */; };
		82FAB11321F0739D0084BF38 /* Titlebackbg@2x.png in Resources */ = {isa = PBXBuildFile; fileRef = 82FAB11221F0739D0084BF38 /* Titlebackbg@2x.png */; };
		82FAB11621F075B20084BF38 /* BackEventViewController.m in Sources */ = {isa = PBXBuildFile; fileRef = 82FAB11521F075B20084BF38 /* BackEventViewController.m */; };
		82FAB11921F0792D0084BF38 /* TransparentViewController.m in Sources */ = {isa = PBXBuildFile; fileRef = 82FAB11821F0792D0084BF38 /* TransparentViewController.m */; };
		82FAB11C21F085E50084BF38 /* TitleColorViewController.m in Sources */ = {isa = PBXBuildFile; fileRef = 82FAB11B21F085E50084BF38 /* TitleColorViewController.m */; };
/* End PBXBuildFile section */

/* Begin PBXContainerItemProxy section */
		82FAB0F021F066550084BF38 /* PBXContainerItemProxy */ = {
			isa = PBXContainerItemProxy;
			containerPortal = 82FAB0CF21F066520084BF38 /* Project object */;
			proxyType = 1;
			remoteGlobalIDString = 82FAB0D621F066520084BF38;
			remoteInfo = UINavigationBarDome;
		};
		82FAB0FB21F066550084BF38 /* PBXContainerItemProxy */ = {
			isa = PBXContainerItemProxy;
			containerPortal = 82FAB0CF21F066520084BF38 /* Project object */;
			proxyType = 1;
			remoteGlobalIDString = 82FAB0D621F066520084BF38;
			remoteInfo = UINavigationBarDome;
		};
/* End PBXContainerItemProxy section */

/* Begin PBXFileReference section */
		82228D66229D310C000BD950 /* ViewController+ViewVC.h */ = {isa = PBXFileReference; lastKnownFileType = sourcecode.c.h; path = "ViewController+ViewVC.h"; sourceTree = "<group>"; };
		82228D67229D310C000BD950 /* ViewController+ViewVC.m */ = {isa = PBXFileReference; lastKnownFileType = sourcecode.c.objc; path = "ViewController+ViewVC.m"; sourceTree = "<group>"; };
		82228D69229D316F000BD950 /* ViewController+Extension.h */ = {isa = PBXFileReference; fileEncoding = 4; lastKnownFileType = sourcecode.c.h; path = "ViewController+Extension.h"; sourceTree = "<group>"; };
		82228D6A229D316F000BD950 /* ViewController+Extension.m */ = {isa = PBXFileReference; fileEncoding = 4; lastKnownFileType = sourcecode.c.objc; path = "ViewController+Extension.m"; sourceTree = "<group>"; };
		825E1E9F2212764F00C3033E /* UIPopManager.h */ = {isa = PBXFileReference; lastKnownFileType = sourcecode.c.h; path = UIPopManager.h; sourceTree = "<group>"; };
		825E1EA02212764F00C3033E /* UIPopManager.m */ = {isa = PBXFileReference; lastKnownFileType = sourcecode.c.objc; path = UIPopManager.m; sourceTree = "<group>"; };
		825E1EA222127A0B00C3033E /* UIPopBackgroundView.h */ = {isa = PBXFileReference; lastKnownFileType = sourcecode.c.h; path = UIPopBackgroundView.h; sourceTree = "<group>"; };
		825E1EA322127A0B00C3033E /* UIPopBackgroundView.m */ = {isa = PBXFileReference; lastKnownFileType = sourcecode.c.objc; path = UIPopBackgroundView.m; sourceTree = "<group>"; };
		825E1EA522127AEA00C3033E /* UIPopTipsViewController.h */ = {isa = PBXFileReference; lastKnownFileType = sourcecode.c.h; path = UIPopTipsViewController.h; sourceTree = "<group>"; };
		825E1EA622127AEA00C3033E /* UIPopTipsViewController.m */ = {isa = PBXFileReference; lastKnownFileType = sourcecode.c.objc; path = UIPopTipsViewController.m; sourceTree = "<group>"; };
		82BBBCE721F1A0EF00D568C9 /* TitleWhitebackbg@2x.png */ = {isa = PBXFileReference; lastKnownFileType = image.png; path = "TitleWhitebackbg@2x.png"; sourceTree = "<group>"; };
		82C0E56522951A0D00C1E998 /* UIButton+Extension.m */ = {isa = PBXFileReference; fileEncoding = 4; lastKnownFileType = sourcecode.c.objc; path = "UIButton+Extension.m"; sourceTree = "<group>"; };
		82C0E56622951A0E00C1E998 /* UINavigationBar+Extension.m */ = {isa = PBXFileReference; fileEncoding = 4; lastKnownFileType = sourcecode.c.objc; path = "UINavigationBar+Extension.m"; sourceTree = "<group>"; };
		82C0E56722951A0E00C1E998 /* NSObject+ZXLExtension.h */ = {isa = PBXFileReference; fileEncoding = 4; lastKnownFileType = sourcecode.c.h; path = "NSObject+ZXLExtension.h"; sourceTree = "<group>"; };
		82C0E56822951A0E00C1E998 /* UINavigationBar+Extension.h */ = {isa = PBXFileReference; fileEncoding = 4; lastKnownFileType = sourcecode.c.h; path = "UINavigationBar+Extension.h"; sourceTree = "<group>"; };
		82C0E56922951A0E00C1E998 /* UINavigationController+Extension.m */ = {isa = PBXFileReference; fileEncoding = 4; lastKnownFileType = sourcecode.c.objc; path = "UINavigationController+Extension.m"; sourceTree = "<group>"; };
		82C0E56A22951A0E00C1E998 /* UIButton+Extension.h */ = {isa = PBXFileReference; fileEncoding = 4; lastKnownFileType = sourcecode.c.h; path = "UIButton+Extension.h"; sourceTree = "<group>"; };
		82C0E56B22951A0E00C1E998 /* NSObject+ZXLExtension.m */ = {isa = PBXFileReference; fileEncoding = 4; lastKnownFileType = sourcecode.c.objc; path = "NSObject+ZXLExtension.m"; sourceTree = "<group>"; };
		82C0E56C22951A0E00C1E998 /* UINavigationController+Extension.h */ = {isa = PBXFileReference; fileEncoding = 4; lastKnownFileType = sourcecode.c.h; path = "UINavigationController+Extension.h"; sourceTree = "<group>"; };
		82FAB0D721F066520084BF38 /* UINavigationBarDome.app */ = {isa = PBXFileReference; explicitFileType = wrapper.application; includeInIndex = 0; path = UINavigationBarDome.app; sourceTree = BUILT_PRODUCTS_DIR; };
		82FAB0DA21F066520084BF38 /* AppDelegate.h */ = {isa = PBXFileReference; lastKnownFileType = sourcecode.c.h; path = AppDelegate.h; sourceTree = "<group>"; };
		82FAB0DB21F066520084BF38 /* AppDelegate.m */ = {isa = PBXFileReference; lastKnownFileType = sourcecode.c.objc; path = AppDelegate.m; sourceTree = "<group>"; };
		82FAB0DD21F066520084BF38 /* ViewController.h */ = {isa = PBXFileReference; lastKnownFileType = sourcecode.c.h; path = ViewController.h; sourceTree = "<group>"; };
		82FAB0DE21F066520084BF38 /* ViewController.m */ = {isa = PBXFileReference; lastKnownFileType = sourcecode.c.objc; path = ViewController.m; sourceTree = "<group>"; };
		82FAB0E321F066550084BF38 /* Assets.xcassets */ = {isa = PBXFileReference; lastKnownFileType = folder.assetcatalog; path = Assets.xcassets; sourceTree = "<group>"; };
		82FAB0E621F066550084BF38 /* Base */ = {isa = PBXFileReference; lastKnownFileType = file.storyboard; name = Base; path = Base.lproj/LaunchScreen.storyboard; sourceTree = "<group>"; };
		82FAB0E821F066550084BF38 /* Info.plist */ = {isa = PBXFileReference; lastKnownFileType = text.plist.xml; path = Info.plist; sourceTree = "<group>"; };
		82FAB0E921F066550084BF38 /* main.m */ = {isa = PBXFileReference; lastKnownFileType = sourcecode.c.objc; path = main.m; sourceTree = "<group>"; };
		82FAB0EF21F066550084BF38 /* UINavigationBarDomeTests.xctest */ = {isa = PBXFileReference; explicitFileType = wrapper.cfbundle; includeInIndex = 0; path = UINavigationBarDomeTests.xctest; sourceTree = BUILT_PRODUCTS_DIR; };
		82FAB0F321F066550084BF38 /* UINavigationBarDomeTests.m */ = {isa = PBXFileReference; lastKnownFileType = sourcecode.c.objc; path = UINavigationBarDomeTests.m; sourceTree = "<group>"; };
		82FAB0F521F066550084BF38 /* Info.plist */ = {isa = PBXFileReference; lastKnownFileType = text.plist.xml; path = Info.plist; sourceTree = "<group>"; };
		82FAB0FA21F066550084BF38 /* UINavigationBarDomeUITests.xctest */ = {isa = PBXFileReference; explicitFileType = wrapper.cfbundle; includeInIndex = 0; path = UINavigationBarDomeUITests.xctest; sourceTree = BUILT_PRODUCTS_DIR; };
		82FAB0FE21F066550084BF38 /* UINavigationBarDomeUITests.m */ = {isa = PBXFileReference; lastKnownFileType = sourcecode.c.objc; path = UINavigationBarDomeUITests.m; sourceTree = "<group>"; };
		82FAB10021F066550084BF38 /* Info.plist */ = {isa = PBXFileReference; lastKnownFileType = text.plist.xml; path = Info.plist; sourceTree = "<group>"; };
		82FAB11221F0739D0084BF38 /* Titlebackbg@2x.png */ = {isa = PBXFileReference; lastKnownFileType = image.png; path = "Titlebackbg@2x.png"; sourceTree = "<group>"; };
		82FAB11421F075B20084BF38 /* BackEventViewController.h */ = {isa = PBXFileReference; lastKnownFileType = sourcecode.c.h; path = BackEventViewController.h; sourceTree = "<group>"; };
		82FAB11521F075B20084BF38 /* BackEventViewController.m */ = {isa = PBXFileReference; lastKnownFileType = sourcecode.c.objc; path = BackEventViewController.m; sourceTree = "<group>"; };
		82FAB11721F0792D0084BF38 /* TransparentViewController.h */ = {isa = PBXFileReference; lastKnownFileType = sourcecode.c.h; path = TransparentViewController.h; sourceTree = "<group>"; };
		82FAB11821F0792D0084BF38 /* TransparentViewController.m */ = {isa = PBXFileReference; lastKnownFileType = sourcecode.c.objc; path = TransparentViewController.m; sourceTree = "<group>"; };
		82FAB11A21F085E50084BF38 /* TitleColorViewController.h */ = {isa = PBXFileReference; lastKnownFileType = sourcecode.c.h; path = TitleColorViewController.h; sourceTree = "<group>"; };
		82FAB11B21F085E50084BF38 /* TitleColorViewController.m */ = {isa = PBXFileReference; lastKnownFileType = sourcecode.c.objc; path = TitleColorViewController.m; sourceTree = "<group>"; };
/* End PBXFileReference section */

/* Begin PBXFrameworksBuildPhase section */
		82FAB0D421F066520084BF38 /* Frameworks */ = {
			isa = PBXFrameworksBuildPhase;
			buildActionMask = 2147483647;
			files = (
			);
			runOnlyForDeploymentPostprocessing = 0;
		};
		82FAB0EC21F066550084BF38 /* Frameworks */ = {
			isa = PBXFrameworksBuildPhase;
			buildActionMask = 2147483647;
			files = (
			);
			runOnlyForDeploymentPostprocessing = 0;
		};
		82FAB0F721F066550084BF38 /* Frameworks */ = {
			isa = PBXFrameworksBuildPhase;
			buildActionMask = 2147483647;
			files = (
			);
			runOnlyForDeploymentPostprocessing = 0;
		};
/* End PBXFrameworksBuildPhase section */

/* Begin PBXGroup section */
		825E1E9E2212761200C3033E /* PopView */ = {
			isa = PBXGroup;
			children = (
				825E1E9F2212764F00C3033E /* UIPopManager.h */,
				825E1EA02212764F00C3033E /* UIPopManager.m */,
				825E1EA222127A0B00C3033E /* UIPopBackgroundView.h */,
				825E1EA322127A0B00C3033E /* UIPopBackgroundView.m */,
				825E1EA522127AEA00C3033E /* UIPopTipsViewController.h */,
				825E1EA622127AEA00C3033E /* UIPopTipsViewController.m */,
			);
			path = PopView;
			sourceTree = "<group>";
		};
		82FAB0CE21F066520084BF38 = {
			isa = PBXGroup;
			children = (
				82FAB0D921F066520084BF38 /* UINavigationBarDome */,
				82FAB0F221F066550084BF38 /* UINavigationBarDomeTests */,
				82FAB0FD21F066550084BF38 /* UINavigationBarDomeUITests */,
				82FAB0D821F066520084BF38 /* Products */,
			);
			sourceTree = "<group>";
		};
		82FAB0D821F066520084BF38 /* Products */ = {
			isa = PBXGroup;
			children = (
				82FAB0D721F066520084BF38 /* UINavigationBarDome.app */,
				82FAB0EF21F066550084BF38 /* UINavigationBarDomeTests.xctest */,
				82FAB0FA21F066550084BF38 /* UINavigationBarDomeUITests.xctest */,
			);
			name = Products;
			sourceTree = "<group>";
		};
		82FAB0D921F066520084BF38 /* UINavigationBarDome */ = {
			isa = PBXGroup;
			children = (
				825E1E9E2212761200C3033E /* PopView */,
				82FAB0DA21F066520084BF38 /* AppDelegate.h */,
				82FAB0DB21F066520084BF38 /* AppDelegate.m */,
				82FAB0DD21F066520084BF38 /* ViewController.h */,
				82FAB0DE21F066520084BF38 /* ViewController.m */,
				82FAB11A21F085E50084BF38 /* TitleColorViewController.h */,
				82FAB11B21F085E50084BF38 /* TitleColorViewController.m */,
				82FAB11721F0792D0084BF38 /* TransparentViewController.h */,
				82FAB11821F0792D0084BF38 /* TransparentViewController.m */,
				82FAB11421F075B20084BF38 /* BackEventViewController.h */,
				82FAB11521F075B20084BF38 /* BackEventViewController.m */,
				82C0E56722951A0E00C1E998 /* NSObject+ZXLExtension.h */,
				82C0E56B22951A0E00C1E998 /* NSObject+ZXLExtension.m */,
				82C0E56A22951A0E00C1E998 /* UIButton+Extension.h */,
				82C0E56522951A0D00C1E998 /* UIButton+Extension.m */,
				82C0E56822951A0E00C1E998 /* UINavigationBar+Extension.h */,
				82C0E56622951A0E00C1E998 /* UINavigationBar+Extension.m */,
				82228D66229D310C000BD950 /* ViewController+ViewVC.h */,
				82228D67229D310C000BD950 /* ViewController+ViewVC.m */,
				82228D69229D316F000BD950 /* ViewController+Extension.h */,
				82228D6A229D316F000BD950 /* ViewController+Extension.m */,
				82C0E56C22951A0E00C1E998 /* UINavigationController+Extension.h */,
				82C0E56922951A0E00C1E998 /* UINavigationController+Extension.m */,
				82BBBCE721F1A0EF00D568C9 /* TitleWhitebackbg@2x.png */,
				82FAB11221F0739D0084BF38 /* Titlebackbg@2x.png */,
				82FAB0E321F066550084BF38 /* Assets.xcassets */,
				82FAB0E521F066550084BF38 /* LaunchScreen.storyboard */,
				82FAB0E821F066550084BF38 /* Info.plist */,
				82FAB0E921F066550084BF38 /* main.m */,
			);
			path = UINavigationBarDome;
			sourceTree = "<group>";
		};
		82FAB0F221F066550084BF38 /* UINavigationBarDomeTests */ = {
			isa = PBXGroup;
			children = (
				82FAB0F321F066550084BF38 /* UINavigationBarDomeTests.m */,
				82FAB0F521F066550084BF38 /* Info.plist */,
			);
			path = UINavigationBarDomeTests;
			sourceTree = "<group>";
		};
		82FAB0FD21F066550084BF38 /* UINavigationBarDomeUITests */ = {
			isa = PBXGroup;
			children = (
				82FAB0FE21F066550084BF38 /* UINavigationBarDomeUITests.m */,
				82FAB10021F066550084BF38 /* Info.plist */,
			);
			path = UINavigationBarDomeUITests;
			sourceTree = "<group>";
		};
/* End PBXGroup section */

/* Begin PBXNativeTarget section */
		82FAB0D621F066520084BF38 /* UINavigationBarDome */ = {
			isa = PBXNativeTarget;
			buildConfigurationList = 82FAB10321F066550084BF38 /* Build configuration list for PBXNativeTarget "UINavigationBarDome" */;
			buildPhases = (
				82FAB0D321F066520084BF38 /* Sources */,
				82FAB0D421F066520084BF38 /* Frameworks */,
				82FAB0D521F066520084BF38 /* Resources */,
			);
			buildRules = (
			);
			dependencies = (
			);
			name = UINavigationBarDome;
			productName = UINavigationBarDome;
			productReference = 82FAB0D721F066520084BF38 /* UINavigationBarDome.app */;
			productType = "com.apple.product-type.application";
		};
		82FAB0EE21F066550084BF38 /* UINavigationBarDomeTests */ = {
			isa = PBXNativeTarget;
			buildConfigurationList = 82FAB10621F066550084BF38 /* Build configuration list for PBXNativeTarget "UINavigationBarDomeTests" */;
			buildPhases = (
				82FAB0EB21F066550084BF38 /* Sources */,
				82FAB0EC21F066550084BF38 /* Frameworks */,
				82FAB0ED21F066550084BF38 /* Resources */,
			);
			buildRules = (
			);
			dependencies = (
				82FAB0F121F066550084BF38 /* PBXTargetDependency */,
			);
			name = UINavigationBarDomeTests;
			productName = UINavigationBarDomeTests;
			productReference = 82FAB0EF21F066550084BF38 /* UINavigationBarDomeTests.xctest */;
			productType = "com.apple.product-type.bundle.unit-test";
		};
		82FAB0F921F066550084BF38 /* UINavigationBarDomeUITests */ = {
			isa = PBXNativeTarget;
			buildConfigurationList = 82FAB10921F066550084BF38 /* Build configuration list for PBXNativeTarget "UINavigationBarDomeUITests" */;
			buildPhases = (
				82FAB0F621F066550084BF38 /* Sources */,
				82FAB0F721F066550084BF38 /* Frameworks */,
				82FAB0F821F066550084BF38 /* Resources */,
			);
			buildRules = (
			);
			dependencies = (
				82FAB0FC21F066550084BF38 /* PBXTargetDependency */,
			);
			name = UINavigationBarDomeUITests;
			productName = UINavigationBarDomeUITests;
			productReference = 82FAB0FA21F066550084BF38 /* UINavigationBarDomeUITests.xctest */;
			productType = "com.apple.product-type.bundle.ui-testing";
		};
/* End PBXNativeTarget section */

/* Begin PBXProject section */
		82FAB0CF21F066520084BF38 /* Project object */ = {
			isa = PBXProject;
			attributes = {
				LastUpgradeCheck = 1010;
				ORGANIZATIONNAME = "张小龙";
				TargetAttributes = {
					82FAB0D621F066520084BF38 = {
						CreatedOnToolsVersion = 10.1;
					};
					82FAB0EE21F066550084BF38 = {
						CreatedOnToolsVersion = 10.1;
						TestTargetID = 82FAB0D621F066520084BF38;
					};
					82FAB0F921F066550084BF38 = {
						CreatedOnToolsVersion = 10.1;
						TestTargetID = 82FAB0D621F066520084BF38;
					};
				};
			};
			buildConfigurationList = 82FAB0D221F066520084BF38 /* Build configuration list for PBXProject "UINavigationBarDome" */;
			compatibilityVersion = "Xcode 9.3";
			developmentRegion = en;
			hasScannedForEncodings = 0;
			knownRegions = (
				en,
				Base,
			);
			mainGroup = 82FAB0CE21F066520084BF38;
			productRefGroup = 82FAB0D821F066520084BF38 /* Products */;
			projectDirPath = "";
			projectRoot = "";
			targets = (
				82FAB0D621F066520084BF38 /* UINavigationBarDome */,
				82FAB0EE21F066550084BF38 /* UINavigationBarDomeTests */,
				82FAB0F921F066550084BF38 /* UINavigationBarDomeUITests */,
			);
		};
/* End PBXProject section */

/* Begin PBXResourcesBuildPhase section */
		82FAB0D521F066520084BF38 /* Resources */ = {
			isa = PBXResourcesBuildPhase;
			buildActionMask = 2147483647;
			files = (
				82FAB11321F0739D0084BF38 /* Titlebackbg@2x.png in Resources */,
				82BBBCE821F1A0F000D568C9 /* TitleWhitebackbg@2x.png in Resources */,
				82FAB0E721F066550084BF38 /* LaunchScreen.storyboard in Resources */,
				82FAB0E421F066550084BF38 /* Assets.xcassets in Resources */,
			);
			runOnlyForDeploymentPostprocessing = 0;
		};
		82FAB0ED21F066550084BF38 /* Resources */ = {
			isa = PBXResourcesBuildPhase;
			buildActionMask = 2147483647;
			files = (
			);
			runOnlyForDeploymentPostprocessing = 0;
		};
		82FAB0F821F066550084BF38 /* Resources */ = {
			isa = PBXResourcesBuildPhase;
			buildActionMask = 2147483647;
			files = (
			);
			runOnlyForDeploymentPostprocessing = 0;
		};
/* End PBXResourcesBuildPhase section */

/* Begin PBXSourcesBuildPhase section */
		82FAB0D321F066520084BF38 /* Sources */ = {
			isa = PBXSourcesBuildPhase;
			buildActionMask = 2147483647;
			files = (
				82FAB11921F0792D0084BF38 /* TransparentViewController.m in Sources */,
				82C0E56E22951A0E00C1E998 /* UINavigationBar+Extension.m in Sources */,
				82FAB0DF21F066520084BF38 /* ViewController.m in Sources */,
				825E1EA422127A0B00C3033E /* UIPopBackgroundView.m in Sources */,
				82228D68229D310C000BD950 /* ViewController+ViewVC.m in Sources */,
				82FAB11621F075B20084BF38 /* BackEventViewController.m in Sources */,
				825E1EA722127AEA00C3033E /* UIPopTipsViewController.m in Sources */,
				82C0E56D22951A0E00C1E998 /* UIButton+Extension.m in Sources */,
				82FAB0EA21F066550084BF38 /* main.m in Sources */,
				82228D6B229D316F000BD950 /* ViewController+Extension.m in Sources */,
				82FAB11C21F085E50084BF38 /* TitleColorViewController.m in Sources */,
				825E1EA12212764F00C3033E /* UIPopManager.m in Sources */,
				82C0E57022951A0E00C1E998 /* NSObject+ZXLExtension.m in Sources */,
				82FAB0DC21F066520084BF38 /* AppDelegate.m in Sources */,
				82C0E56F22951A0E00C1E998 /* UINavigationController+Extension.m in Sources */,
			);
			runOnlyForDeploymentPostprocessing = 0;
		};
		82FAB0EB21F066550084BF38 /* Sources */ = {
			isa = PBXSourcesBuildPhase;
			buildActionMask = 2147483647;
			files = (
				82FAB0F421F066550084BF38 /* UINavigationBarDomeTests.m in Sources */,
			);
			runOnlyForDeploymentPostprocessing = 0;
		};
		82FAB0F621F066550084BF38 /* Sources */ = {
			isa = PBXSourcesBuildPhase;
			buildActionMask = 2147483647;
			files = (
				82FAB0FF21F066550084BF38 /* UINavigationBarDomeUITests.m in Sources */,
			);
			runOnlyForDeploymentPostprocessing = 0;
		};
/* End PBXSourcesBuildPhase section */

/* Begin PBXTargetDependency section */
		82FAB0F121F066550084BF38 /* PBXTargetDependency */ = {
			isa = PBXTargetDependency;
			target = 82FAB0D621F066520084BF38 /* UINavigationBarDome */;
			targetProxy = 82FAB0F021F066550084BF38 /* PBXContainerItemProxy */;
		};
		82FAB0FC21F066550084BF38 /* PBXTargetDependency */ = {
			isa = PBXTargetDependency;
			target = 82FAB0D621F066520084BF38 /* UINavigationBarDome */;
			targetProxy = 82FAB0FB21F066550084BF38 /* PBXContainerItemProxy */;
		};
/* End PBXTargetDependency section */

/* Begin PBXVariantGroup section */
		82FAB0E521F066550084BF38 /* LaunchScreen.storyboard */ = {
			isa = PBXVariantGroup;
			children = (
				82FAB0E621F066550084BF38 /* Base */,
			);
			name = LaunchScreen.storyboard;
			sourceTree = "<group>";
		};
/* End PBXVariantGroup section */

/* Begin XCBuildConfiguration section */
		82FAB10121F066550084BF38 /* Debug */ = {
			isa = XCBuildConfiguration;
			buildSettings = {
				ALWAYS_SEARCH_USER_PATHS = NO;
				CLANG_ANALYZER_NONNULL = YES;
				CLANG_ANALYZER_NUMBER_OBJECT_CONVERSION = YES_AGGRESSIVE;
				CLANG_CXX_LANGUAGE_STANDARD = "gnu++14";
				CLANG_CXX_LIBRARY = "libc++";
				CLANG_ENABLE_MODULES = YES;
				CLANG_ENABLE_OBJC_ARC = YES;
				CLANG_ENABLE_OBJC_WEAK = YES;
				CLANG_WARN_BLOCK_CAPTURE_AUTORELEASING = YES;
				CLANG_WARN_BOOL_CONVERSION = YES;
				CLANG_WARN_COMMA = YES;
				CLANG_WARN_CONSTANT_CONVERSION = YES;
				CLANG_WARN_DEPRECATED_OBJC_IMPLEMENTATIONS = YES;
				CLANG_WARN_DIRECT_OBJC_ISA_USAGE = YES_ERROR;
				CLANG_WARN_DOCUMENTATION_COMMENTS = YES;
				CLANG_WARN_EMPTY_BODY = YES;
				CLANG_WARN_ENUM_CONVERSION = YES;
				CLANG_WARN_INFINITE_RECURSION = YES;
				CLANG_WARN_INT_CONVERSION = YES;
				CLANG_WARN_NON_LITERAL_NULL_CONVERSION = YES;
				CLANG_WARN_OBJC_IMPLICIT_RETAIN_SELF = YES;
				CLANG_WARN_OBJC_LITERAL_CONVERSION = YES;
				CLANG_WARN_OBJC_ROOT_CLASS = YES_ERROR;
				CLANG_WARN_RANGE_LOOP_ANALYSIS = YES;
				CLANG_WARN_STRICT_PROTOTYPES = YES;
				CLANG_WARN_SUSPICIOUS_MOVE = YES;
				CLANG_WARN_UNGUARDED_AVAILABILITY = YES_AGGRESSIVE;
				CLANG_WARN_UNREACHABLE_CODE = YES;
				CLANG_WARN__DUPLICATE_METHOD_MATCH = YES;
				CODE_SIGN_IDENTITY = "iPhone Developer";
				COPY_PHASE_STRIP = NO;
				DEBUG_INFORMATION_FORMAT = dwarf;
				ENABLE_STRICT_OBJC_MSGSEND = YES;
				ENABLE_TESTABILITY = YES;
				GCC_C_LANGUAGE_STANDARD = gnu11;
				GCC_DYNAMIC_NO_PIC = NO;
				GCC_NO_COMMON_BLOCKS = YES;
				GCC_OPTIMIZATION_LEVEL = 0;
				GCC_PREPROCESSOR_DEFINITIONS = (
					"DEBUG=1",
					"$(inherited)",
				);
				GCC_WARN_64_TO_32_BIT_CONVERSION = YES;
				GCC_WARN_ABOUT_RETURN_TYPE = YES_ERROR;
				GCC_WARN_UNDECLARED_SELECTOR = YES;
				GCC_WARN_UNINITIALIZED_AUTOS = YES_AGGRESSIVE;
				GCC_WARN_UNUSED_FUNCTION = YES;
				GCC_WARN_UNUSED_VARIABLE = YES;
				IPHONEOS_DEPLOYMENT_TARGET = 12.1;
				MTL_ENABLE_DEBUG_INFO = INCLUDE_SOURCE;
				MTL_FAST_MATH = YES;
				ONLY_ACTIVE_ARCH = YES;
				SDKROOT = iphoneos;
			};
			name = Debug;
		};
		82FAB10221F066550084BF38 /* Release */ = {
			isa = XCBuildConfiguration;
			buildSettings = {
				ALWAYS_SEARCH_USER_PATHS = NO;
				CLANG_ANALYZER_NONNULL = YES;
				CLANG_ANALYZER_NUMBER_OBJECT_CONVERSION = YES_AGGRESSIVE;
				CLANG_CXX_LANGUAGE_STANDARD = "gnu++14";
				CLANG_CXX_LIBRARY = "libc++";
				CLANG_ENABLE_MODULES = YES;
				CLANG_ENABLE_OBJC_ARC = YES;
				CLANG_ENABLE_OBJC_WEAK = YES;
				CLANG_WARN_BLOCK_CAPTURE_AUTORELEASING = YES;
				CLANG_WARN_BOOL_CONVERSION = YES;
				CLANG_WARN_COMMA = YES;
				CLANG_WARN_CONSTANT_CONVERSION = YES;
				CLANG_WARN_DEPRECATED_OBJC_IMPLEMENTATIONS = YES;
				CLANG_WARN_DIRECT_OBJC_ISA_USAGE = YES_ERROR;
				CLANG_WARN_DOCUMENTATION_COMMENTS = YES;
				CLANG_WARN_EMPTY_BODY = YES;
				CLANG_WARN_ENUM_CONVERSION = YES;
				CLANG_WARN_INFINITE_RECURSION = YES;
				CLANG_WARN_INT_CONVERSION = YES;
				CLANG_WARN_NON_LITERAL_NULL_CONVERSION = YES;
				CLANG_WARN_OBJC_IMPLICIT_RETAIN_SELF = YES;
				CLANG_WARN_OBJC_LITERAL_CONVERSION = YES;
				CLANG_WARN_OBJC_ROOT_CLASS = YES_ERROR;
				CLANG_WARN_RANGE_LOOP_ANALYSIS = YES;
				CLANG_WARN_STRICT_PROTOTYPES = YES;
				CLANG_WARN_SUSPICIOUS_MOVE = YES;
				CLANG_WARN_UNGUARDED_AVAILABILITY = YES_AGGRESSIVE;
				CLANG_WARN_UNREACHABLE_CODE = YES;
				CLANG_WARN__DUPLICATE_METHOD_MATCH = YES;
				CODE_SIGN_IDENTITY = "iPhone Developer";
				COPY_PHASE_STRIP = NO;
				DEBUG_INFORMATION_FORMAT = "dwarf-with-dsym";
				ENABLE_NS_ASSERTIONS = NO;
				ENABLE_STRICT_OBJC_MSGSEND = YES;
				GCC_C_LANGUAGE_STANDARD = gnu11;
				GCC_NO_COMMON_BLOCKS = YES;
				GCC_WARN_64_TO_32_BIT_CONVERSION = YES;
				GCC_WARN_ABOUT_RETURN_TYPE = YES_ERROR;
				GCC_WARN_UNDECLARED_SELECTOR = YES;
				GCC_WARN_UNINITIALIZED_AUTOS = YES_AGGRESSIVE;
				GCC_WARN_UNUSED_FUNCTION = YES;
				GCC_WARN_UNUSED_VARIABLE = YES;
				IPHONEOS_DEPLOYMENT_TARGET = 12.1;
				MTL_ENABLE_DEBUG_INFO = NO;
				MTL_FAST_MATH = YES;
				SDKROOT = iphoneos;
				VALIDATE_PRODUCT = YES;
			};
			name = Release;
		};
		82FAB10421F066550084BF38 /* Debug */ = {
			isa = XCBuildConfiguration;
			buildSettings = {
				ASSETCATALOG_COMPILER_APPICON_NAME = AppIcon;
				CODE_SIGN_STYLE = Automatic;
				DEVELOPMENT_TEAM = 7T87C2R7MW;
				FRAMEWORK_SEARCH_PATHS = (
					"$(inherited)",
					"$(PROJECT_DIR)/UINavigationBarDome",
				);
				INFOPLIST_FILE = UINavigationBarDome/Info.plist;
				IPHONEOS_DEPLOYMENT_TARGET = 9.0;
				LD_RUNPATH_SEARCH_PATHS = (
					"$(inherited)",
					"@executable_path/Frameworks",
				);
				PRODUCT_BUNDLE_IDENTIFIER = com.jlb.UINavigationBarDome;
				PRODUCT_NAME = "$(TARGET_NAME)";
				TARGETED_DEVICE_FAMILY = 1;
			};
			name = Debug;
		};
		82FAB10521F066550084BF38 /* Release */ = {
			isa = XCBuildConfiguration;
			buildSettings = {
				ASSETCATALOG_COMPILER_APPICON_NAME = AppIcon;
				CODE_SIGN_STYLE = Automatic;
				DEVELOPMENT_TEAM = 7T87C2R7MW;
				FRAMEWORK_SEARCH_PATHS = (
					"$(inherited)",
					"$(PROJECT_DIR)/UINavigationBarDome",
				);
				INFOPLIST_FILE = UINavigationBarDome/Info.plist;
				IPHONEOS_DEPLOYMENT_TARGET = 9.0;
				LD_RUNPATH_SEARCH_PATHS = (
					"$(inherited)",
					"@executable_path/Frameworks",
				);
				PRODUCT_BUNDLE_IDENTIFIER = com.jlb.UINavigationBarDome;
				PRODUCT_NAME = "$(TARGET_NAME)";
				TARGETED_DEVICE_FAMILY = 1;
			};
			name = Release;
		};
		82FAB10721F066550084BF38 /* Debug */ = {
			isa = XCBuildConfiguration;
			buildSettings = {
				BUNDLE_LOADER = "$(TEST_HOST)";
				CODE_SIGN_STYLE = Automatic;
				DEVELOPMENT_TEAM = 7T87C2R7MW;
				INFOPLIST_FILE = UINavigationBarDomeTests/Info.plist;
				LD_RUNPATH_SEARCH_PATHS = (
					"$(inherited)",
					"@executable_path/Frameworks",
					"@loader_path/Frameworks",
				);
				PRODUCT_BUNDLE_IDENTIFIER = com.jlb.UINavigationBarDomeTests;
				PRODUCT_NAME = "$(TARGET_NAME)";
				TARGETED_DEVICE_FAMILY = "1,2";
				TEST_HOST = "$(BUILT_PRODUCTS_DIR)/UINavigationBarDome.app/UINavigationBarDome";
			};
			name = Debug;
		};
		82FAB10821F066550084BF38 /* Release */ = {
			isa = XCBuildConfiguration;
			buildSettings = {
				BUNDLE_LOADER = "$(TEST_HOST)";
				CODE_SIGN_STYLE = Automatic;
				DEVELOPMENT_TEAM = 7T87C2R7MW;
				INFOPLIST_FILE = UINavigationBarDomeTests/Info.plist;
				LD_RUNPATH_SEARCH_PATHS = (
					"$(inherited)",
					"@executable_path/Frameworks",
					"@loader_path/Frameworks",
				);
				PRODUCT_BUNDLE_IDENTIFIER = com.jlb.UINavigationBarDomeTests;
				PRODUCT_NAME = "$(TARGET_NAME)";
				TARGETED_DEVICE_FAMILY = "1,2";
				TEST_HOST = "$(BUILT_PRODUCTS_DIR)/UINavigationBarDome.app/UINavigationBarDome";
			};
			name = Release;
		};
		82FAB10A21F066550084BF38 /* Debug */ = {
			isa = XCBuildConfiguration;
			buildSettings = {
				CODE_SIGN_STYLE = Automatic;
				DEVELOPMENT_TEAM = 7T87C2R7MW;
				INFOPLIST_FILE = UINavigationBarDomeUITests/Info.plist;
				LD_RUNPATH_SEARCH_PATHS = (
					"$(inherited)",
					"@executable_path/Frameworks",
					"@loader_path/Frameworks",
				);
				PRODUCT_BUNDLE_IDENTIFIER = com.jlb.UINavigationBarDomeUITests;
				PRODUCT_NAME = "$(TARGET_NAME)";
				TARGETED_DEVICE_FAMILY = "1,2";
				TEST_TARGET_NAME = UINavigationBarDome;
			};
			name = Debug;
		};
		82FAB10B21F066550084BF38 /* Release */ = {
			isa = XCBuildConfiguration;
			buildSettings = {
				CODE_SIGN_STYLE = Automatic;
				DEVELOPMENT_TEAM = 7T87C2R7MW;
				INFOPLIST_FILE = UINavigationBarDomeUITests/Info.plist;
				LD_RUNPATH_SEARCH_PATHS = (
					"$(inherited)",
					"@executable_path/Frameworks",
					"@loader_path/Frameworks",
				);
				PRODUCT_BUNDLE_IDENTIFIER = com.jlb.UINavigationBarDomeUITests;
				PRODUCT_NAME = "$(TARGET_NAME)";
				TARGETED_DEVICE_FAMILY = "1,2";
				TEST_TARGET_NAME = UINavigationBarDome;
			};
			name = Release;
		};
/* End XCBuildConfiguration section */

/* Begin XCConfigurationList section */
		82FAB0D221F066520084BF38 /* Build configuration list for PBXProject "UINavigationBarDome" */ = {
			isa = XCConfigurationList;
			buildConfigurations = (
				82FAB10121F066550084BF38 /* Debug */,
				82FAB10221F066550084BF38 /* Release */,
			);
			defaultConfigurationIsVisible = 0;
			defaultConfigurationName = Release;
		};
		82FAB10321F066550084BF38 /* Build configuration list for PBXNativeTarget "UINavigationBarDome" */ = {
			isa = XCConfigurationList;
			buildConfigurations = (
				82FAB10421F066550084BF38 /* Debug */,
				82FAB10521F066550084BF38 /* Release */,
			);
			defaultConfigurationIsVisible = 0;
			defaultConfigurationName = Release;
		};
		82FAB10621F066550084BF38 /* Build configuration list for PBXNativeTarget "UINavigationBarDomeTests" */ = {
			isa = XCConfigurationList;
			buildConfigurations = (
				82FAB10721F066550084BF38 /* Debug */,
				82FAB10821F066550084BF38 /* Release */,
			);
			defaultConfigurationIsVisible = 0;
			defaultConfigurationName = Release;
		};
		82FAB10921F066550084BF38 /* Build configuration list for PBXNativeTarget "UINavigationBarDomeUITests" */ = {
			isa = XCConfigurationList;
			buildConfigurations = (
				82FAB10A21F066550084BF38 /* Debug */,
				82FAB10B21F066550084BF38 /* Release */,
			);
			defaultConfigurationIsVisible = 0;
			defaultConfigurationName = Release;
		};
/* End XCConfigurationList section */
	};
	rootObject = 82FAB0CF21F066520084BF38 /* Project object */;
}
